// !$*UTF8*$!
{
	archiveVersion = 1;
	classes = {
	};
	objectVersion = 50;
	objects = {

/* Begin PBXBuildFile section */
		35A977498EC26FF0B9DDCEE0 /* Pods_Sharif_Open_Courseware.framework in Frameworks */ = {isa = PBXBuildFile; fileRef = F15D11743A0A81AFAE4520F7 /* Pods_Sharif_Open_Courseware.framework */; };
		C42D9A0A225A5DCF0064B70F /* CourseVideoTableViewCell.swift in Sources */ = {isa = PBXBuildFile; fileRef = C42D9A08225A5DCF0064B70F /* CourseVideoTableViewCell.swift */; };
		C42D9A0B225A5DCF0064B70F /* CourseVideoTableViewCell.xib in Resources */ = {isa = PBXBuildFile; fileRef = C42D9A09225A5DCF0064B70F /* CourseVideoTableViewCell.xib */; };
		C47E0B412255D8AC00772A0C /* DepartmentViewController.swift in Sources */ = {isa = PBXBuildFile; fileRef = C47E0B402255D8AC00772A0C /* DepartmentViewController.swift */; };
		C47E0B432255EB0200772A0C /* DepartmentViewModel.swift in Sources */ = {isa = PBXBuildFile; fileRef = C47E0B422255EB0200772A0C /* DepartmentViewModel.swift */; };
		C47E0B472255F35500772A0C /* DepartmentIntroductionTableViewCell.swift in Sources */ = {isa = PBXBuildFile; fileRef = C47E0B452255F35500772A0C /* DepartmentIntroductionTableViewCell.swift */; };
		C47E0B482255F35500772A0C /* DepartmentIntroductionTableViewCell.xib in Resources */ = {isa = PBXBuildFile; fileRef = C47E0B462255F35500772A0C /* DepartmentIntroductionTableViewCell.xib */; };
		C47E0B4C2255F75700772A0C /* DepartmentCoursesCollectionTableViewCell.swift in Sources */ = {isa = PBXBuildFile; fileRef = C47E0B4A2255F75700772A0C /* DepartmentCoursesCollectionTableViewCell.swift */; };
		C47E0B4D2255F75700772A0C /* DepartmentCoursesCollectionTableViewCell.xib in Resources */ = {isa = PBXBuildFile; fileRef = C47E0B4B2255F75700772A0C /* DepartmentCoursesCollectionTableViewCell.xib */; };
		C47E0B4F225607C500772A0C /* CourseViewController.swift in Sources */ = {isa = PBXBuildFile; fileRef = C47E0B4E225607C500772A0C /* CourseViewController.swift */; };
		C47E0B512256334600772A0C /* CourseViewModel.swift in Sources */ = {isa = PBXBuildFile; fileRef = C47E0B502256334600772A0C /* CourseViewModel.swift */; };
		C47E0B552256660700772A0C /* TeacherIntroForCourseTableViewCell.swift in Sources */ = {isa = PBXBuildFile; fileRef = C47E0B532256660700772A0C /* TeacherIntroForCourseTableViewCell.swift */; };
		C47E0B562256660700772A0C /* TeacherIntroForCourseTableViewCell.xib in Resources */ = {isa = PBXBuildFile; fileRef = C47E0B542256660700772A0C /* TeacherIntroForCourseTableViewCell.xib */; };
		C4CF6D662254A2E8005D3F38 /* Department.swift in Sources */ = {isa = PBXBuildFile; fileRef = C4CF6D652254A2E8005D3F38 /* Department.swift */; };
		C4CF6D6A2254AC2F005D3F38 /* CourseCollectionViewCell.swift in Sources */ = {isa = PBXBuildFile; fileRef = C4CF6D682254AC2F005D3F38 /* CourseCollectionViewCell.swift */; };
		C4CF6D6B2254AC2F005D3F38 /* CourseCollectionViewCell.xib in Resources */ = {isa = PBXBuildFile; fileRef = C4CF6D692254AC2F005D3F38 /* CourseCollectionViewCell.xib */; };
		C4CF6D6F2254AC7D005D3F38 /* CoursesCollectionTableViewCell.swift in Sources */ = {isa = PBXBuildFile; fileRef = C4CF6D6D2254AC7D005D3F38 /* CoursesCollectionTableViewCell.swift */; };
		C4CF6D702254AC7D005D3F38 /* CoursesCollectionTableViewCell.xib in Resources */ = {isa = PBXBuildFile; fileRef = C4CF6D6E2254AC7D005D3F38 /* CoursesCollectionTableViewCell.xib */; };
		C4D97A2722622A5000B8FFCD /* Extension+UIViewController.swift in Sources */ = {isa = PBXBuildFile; fileRef = C4D97A2622622A5000B8FFCD /* Extension+UIViewController.swift */; };
		C4D97A2922622AA600B8FFCD /* LoadingView.swift in Sources */ = {isa = PBXBuildFile; fileRef = C4D97A2822622AA600B8FFCD /* LoadingView.swift */; };
		C4D97A2C22622CCC00B8FFCD /* UserDefaultsUtility.swift in Sources */ = {isa = PBXBuildFile; fileRef = C4D97A2B22622CCC00B8FFCD /* UserDefaultsUtility.swift */; };
		C4D97A3022622EBA00B8FFCD /* Service.swift in Sources */ = {isa = PBXBuildFile; fileRef = C4D97A2F22622EBA00B8FFCD /* Service.swift */; };
		C4D97A322262310300B8FFCD /* ServiceController.swift in Sources */ = {isa = PBXBuildFile; fileRef = C4D97A312262310300B8FFCD /* ServiceController.swift */; };
		C4DB74122253E69A00C97FDD /* HomeViewModel.swift in Sources */ = {isa = PBXBuildFile; fileRef = C4DB74112253E69A00C97FDD /* HomeViewModel.swift */; };
		C4DB74152253E8BC00C97FDD /* ItemsHeaderTableViewCell.swift in Sources */ = {isa = PBXBuildFile; fileRef = C4DB74132253E8BC00C97FDD /* ItemsHeaderTableViewCell.swift */; };
		C4DB74162253E8BC00C97FDD /* ItemsHeaderTableViewCell.xib in Resources */ = {isa = PBXBuildFile; fileRef = C4DB74142253E8BC00C97FDD /* ItemsHeaderTableViewCell.xib */; };
		C4DB741B2253F27600C97FDD /* DepartmentsCollectionViewTableViewCell.swift in Sources */ = {isa = PBXBuildFile; fileRef = C4DB74192253F27600C97FDD /* DepartmentsCollectionViewTableViewCell.swift */; };
		C4DB741C2253F27600C97FDD /* DepartmentsCollectionViewTableViewCell.xib in Resources */ = {isa = PBXBuildFile; fileRef = C4DB741A2253F27600C97FDD /* DepartmentsCollectionViewTableViewCell.xib */; };
		C4DB74202253FD0A00C97FDD /* DepartmentCollectionViewCell.swift in Sources */ = {isa = PBXBuildFile; fileRef = C4DB741E2253FD0A00C97FDD /* DepartmentCollectionViewCell.swift */; };
		C4DB74212253FD0A00C97FDD /* DepartmentCollectionViewCell.xib in Resources */ = {isa = PBXBuildFile; fileRef = C4DB741F2253FD0A00C97FDD /* DepartmentCollectionViewCell.xib */; };
		C4DDF9B922430E84005930E5 /* Colors.xcassets in Resources */ = {isa = PBXBuildFile; fileRef = C4DDF9B822430E84005930E5 /* Colors.xcassets */; };
		C4DDF9C022431113005930E5 /* IRANSans_Black.ttf in Resources */ = {isa = PBXBuildFile; fileRef = C4DDF9BA22431111005930E5 /* IRANSans_Black.ttf */; };
		C4DDF9C122431113005930E5 /* IRANSans.ttf in Resources */ = {isa = PBXBuildFile; fileRef = C4DDF9BB22431111005930E5 /* IRANSans.ttf */; };
		C4DDF9C222431113005930E5 /* IRANSans_Light.ttf in Resources */ = {isa = PBXBuildFile; fileRef = C4DDF9BC22431112005930E5 /* IRANSans_Light.ttf */; };
		C4DDF9C322431113005930E5 /* IRANSans_Medium.ttf in Resources */ = {isa = PBXBuildFile; fileRef = C4DDF9BD22431112005930E5 /* IRANSans_Medium.ttf */; };
		C4DDF9C422431113005930E5 /* IRANSans_UltraLight.ttf in Resources */ = {isa = PBXBuildFile; fileRef = C4DDF9BE22431112005930E5 /* IRANSans_UltraLight.ttf */; };
		C4DDF9C522431113005930E5 /* IRANSans_Bold.ttf in Resources */ = {isa = PBXBuildFile; fileRef = C4DDF9BF22431112005930E5 /* IRANSans_Bold.ttf */; };
		C4DDF9C722432007005930E5 /* UIView+Extension.swift in Sources */ = {isa = PBXBuildFile; fileRef = C4DDF9C622432007005930E5 /* UIView+Extension.swift */; };
		C4E0C2662242CD7F008518C3 /* AppDelegate.swift in Sources */ = {isa = PBXBuildFile; fileRef = C4E0C2652242CD7F008518C3 /* AppDelegate.swift */; };
		C4E0C2682242CD7F008518C3 /* HomeViewController.swift in Sources */ = {isa = PBXBuildFile; fileRef = C4E0C2672242CD7F008518C3 /* HomeViewController.swift */; };
		C4E0C26B2242CD7F008518C3 /* Main.storyboard in Resources */ = {isa = PBXBuildFile; fileRef = C4E0C2692242CD7F008518C3 /* Main.storyboard */; };
		C4E0C26D2242CD81008518C3 /* Assets.xcassets in Resources */ = {isa = PBXBuildFile; fileRef = C4E0C26C2242CD81008518C3 /* Assets.xcassets */; };
		C4E0C2702242CD81008518C3 /* LaunchScreen.storyboard in Resources */ = {isa = PBXBuildFile; fileRef = C4E0C26E2242CD81008518C3 /* LaunchScreen.storyboard */; };
		C4E0C27B2242CD82008518C3 /* Sharif_Open_CoursewareTests.swift in Sources */ = {isa = PBXBuildFile; fileRef = C4E0C27A2242CD82008518C3 /* Sharif_Open_CoursewareTests.swift */; };
		C4E0C2862242CD82008518C3 /* Sharif_Open_CoursewareUITests.swift in Sources */ = {isa = PBXBuildFile; fileRef = C4E0C2852242CD82008518C3 /* Sharif_Open_CoursewareUITests.swift */; };
		C5D94070DA424E72EE42C07B /* Pods_Sharif_Open_CoursewareTests.framework in Frameworks */ = {isa = PBXBuildFile; fileRef = A18889C70759A3BC0FDB56F0 /* Pods_Sharif_Open_CoursewareTests.framework */; };
		CE411A7B4769BC399AE2B2EF /* Pods_Sharif_Open_CoursewareUITests.framework in Frameworks */ = {isa = PBXBuildFile; fileRef = 5A29A0359EE9796E30F6CE9B /* Pods_Sharif_Open_CoursewareUITests.framework */; };
/* End PBXBuildFile section */

/* Begin PBXContainerItemProxy section */
		C4E0C2772242CD82008518C3 /* PBXContainerItemProxy */ = {
			isa = PBXContainerItemProxy;
			containerPortal = C4E0C25A2242CD7F008518C3 /* Project object */;
			proxyType = 1;
			remoteGlobalIDString = C4E0C2612242CD7F008518C3;
			remoteInfo = "Sharif Open Courseware";
		};
		C4E0C2822242CD82008518C3 /* PBXContainerItemProxy */ = {
			isa = PBXContainerItemProxy;
			containerPortal = C4E0C25A2242CD7F008518C3 /* Project object */;
			proxyType = 1;
			remoteGlobalIDString = C4E0C2612242CD7F008518C3;
			remoteInfo = "Sharif Open Courseware";
		};
/* End PBXContainerItemProxy section */

/* Begin PBXFileReference section */
		08A26EC72A5C9F4FBF423213 /* Pods-Sharif Open CoursewareUITests.debug.xcconfig */ = {isa = PBXFileReference; includeInIndex = 1; lastKnownFileType = text.xcconfig; name = "Pods-Sharif Open CoursewareUITests.debug.xcconfig"; path = "Target Support Files/Pods-Sharif Open CoursewareUITests/Pods-Sharif Open CoursewareUITests.debug.xcconfig"; sourceTree = "<group>"; };
		5A29A0359EE9796E30F6CE9B /* Pods_Sharif_Open_CoursewareUITests.framework */ = {isa = PBXFileReference; explicitFileType = wrapper.framework; includeInIndex = 0; path = Pods_Sharif_Open_CoursewareUITests.framework; sourceTree = BUILT_PRODUCTS_DIR; };
		629E490956ABB4D10EB4B070 /* Pods-Sharif Open CoursewareTests.release.xcconfig */ = {isa = PBXFileReference; includeInIndex = 1; lastKnownFileType = text.xcconfig; name = "Pods-Sharif Open CoursewareTests.release.xcconfig"; path = "Target Support Files/Pods-Sharif Open CoursewareTests/Pods-Sharif Open CoursewareTests.release.xcconfig"; sourceTree = "<group>"; };
		933746739B36F185753D273D /* Pods-Sharif Open Courseware.debug.xcconfig */ = {isa = PBXFileReference; includeInIndex = 1; lastKnownFileType = text.xcconfig; name = "Pods-Sharif Open Courseware.debug.xcconfig"; path = "Target Support Files/Pods-Sharif Open Courseware/Pods-Sharif Open Courseware.debug.xcconfig"; sourceTree = "<group>"; };
		A18889C70759A3BC0FDB56F0 /* Pods_Sharif_Open_CoursewareTests.framework */ = {isa = PBXFileReference; explicitFileType = wrapper.framework; includeInIndex = 0; path = Pods_Sharif_Open_CoursewareTests.framework; sourceTree = BUILT_PRODUCTS_DIR; };
		A7D5A147A6074B6D729A3F75 /* Pods-Sharif Open CoursewareUITests.release.xcconfig */ = {isa = PBXFileReference; includeInIndex = 1; lastKnownFileType = text.xcconfig; name = "Pods-Sharif Open CoursewareUITests.release.xcconfig"; path = "Target Support Files/Pods-Sharif Open CoursewareUITests/Pods-Sharif Open CoursewareUITests.release.xcconfig"; sourceTree = "<group>"; };
		A885CB82800A99FF1180378C /* Pods-Sharif Open CoursewareTests.debug.xcconfig */ = {isa = PBXFileReference; includeInIndex = 1; lastKnownFileType = text.xcconfig; name = "Pods-Sharif Open CoursewareTests.debug.xcconfig"; path = "Target Support Files/Pods-Sharif Open CoursewareTests/Pods-Sharif Open CoursewareTests.debug.xcconfig"; sourceTree = "<group>"; };
		C42D9A08225A5DCF0064B70F /* CourseVideoTableViewCell.swift */ = {isa = PBXFileReference; lastKnownFileType = sourcecode.swift; path = CourseVideoTableViewCell.swift; sourceTree = "<group>"; };
		C42D9A09225A5DCF0064B70F /* CourseVideoTableViewCell.xib */ = {isa = PBXFileReference; lastKnownFileType = file.xib; path = CourseVideoTableViewCell.xib; sourceTree = "<group>"; };
		C47E0B402255D8AC00772A0C /* DepartmentViewController.swift */ = {isa = PBXFileReference; lastKnownFileType = sourcecode.swift; path = DepartmentViewController.swift; sourceTree = "<group>"; };
		C47E0B422255EB0200772A0C /* DepartmentViewModel.swift */ = {isa = PBXFileReference; lastKnownFileType = sourcecode.swift; path = DepartmentViewModel.swift; sourceTree = "<group>"; };
		C47E0B452255F35500772A0C /* DepartmentIntroductionTableViewCell.swift */ = {isa = PBXFileReference; lastKnownFileType = sourcecode.swift; path = DepartmentIntroductionTableViewCell.swift; sourceTree = "<group>"; };
		C47E0B462255F35500772A0C /* DepartmentIntroductionTableViewCell.xib */ = {isa = PBXFileReference; lastKnownFileType = file.xib; path = DepartmentIntroductionTableViewCell.xib; sourceTree = "<group>"; };
		C47E0B4A2255F75700772A0C /* DepartmentCoursesCollectionTableViewCell.swift */ = {isa = PBXFileReference; lastKnownFileType = sourcecode.swift; path = DepartmentCoursesCollectionTableViewCell.swift; sourceTree = "<group>"; };
		C47E0B4B2255F75700772A0C /* DepartmentCoursesCollectionTableViewCell.xib */ = {isa = PBXFileReference; lastKnownFileType = file.xib; path = DepartmentCoursesCollectionTableViewCell.xib; sourceTree = "<group>"; };
		C47E0B4E225607C500772A0C /* CourseViewController.swift */ = {isa = PBXFileReference; lastKnownFileType = sourcecode.swift; path = CourseViewController.swift; sourceTree = "<group>"; };
		C47E0B502256334600772A0C /* CourseViewModel.swift */ = {isa = PBXFileReference; lastKnownFileType = sourcecode.swift; path = CourseViewModel.swift; sourceTree = "<group>"; };
		C47E0B532256660700772A0C /* TeacherIntroForCourseTableViewCell.swift */ = {isa = PBXFileReference; lastKnownFileType = sourcecode.swift; path = TeacherIntroForCourseTableViewCell.swift; sourceTree = "<group>"; };
		C47E0B542256660700772A0C /* TeacherIntroForCourseTableViewCell.xib */ = {isa = PBXFileReference; lastKnownFileType = file.xib; path = TeacherIntroForCourseTableViewCell.xib; sourceTree = "<group>"; };
		C4CF6D652254A2E8005D3F38 /* Department.swift */ = {isa = PBXFileReference; lastKnownFileType = sourcecode.swift; path = Department.swift; sourceTree = "<group>"; };
		C4CF6D682254AC2F005D3F38 /* CourseCollectionViewCell.swift */ = {isa = PBXFileReference; lastKnownFileType = sourcecode.swift; path = CourseCollectionViewCell.swift; sourceTree = "<group>"; };
		C4CF6D692254AC2F005D3F38 /* CourseCollectionViewCell.xib */ = {isa = PBXFileReference; lastKnownFileType = file.xib; path = CourseCollectionViewCell.xib; sourceTree = "<group>"; };
		C4CF6D6D2254AC7D005D3F38 /* CoursesCollectionTableViewCell.swift */ = {isa = PBXFileReference; lastKnownFileType = sourcecode.swift; path = CoursesCollectionTableViewCell.swift; sourceTree = "<group>"; };
		C4CF6D6E2254AC7D005D3F38 /* CoursesCollectionTableViewCell.xib */ = {isa = PBXFileReference; lastKnownFileType = file.xib; path = CoursesCollectionTableViewCell.xib; sourceTree = "<group>"; };
		C4D97A2622622A5000B8FFCD /* Extension+UIViewController.swift */ = {isa = PBXFileReference; lastKnownFileType = sourcecode.swift; path = "Extension+UIViewController.swift"; sourceTree = "<group>"; };
		C4D97A2822622AA600B8FFCD /* LoadingView.swift */ = {isa = PBXFileReference; lastKnownFileType = sourcecode.swift; path = LoadingView.swift; sourceTree = "<group>"; };
		C4D97A2B22622CCC00B8FFCD /* UserDefaultsUtility.swift */ = {isa = PBXFileReference; lastKnownFileType = sourcecode.swift; path = UserDefaultsUtility.swift; sourceTree = "<group>"; };
		C4D97A2F22622EBA00B8FFCD /* Service.swift */ = {isa = PBXFileReference; lastKnownFileType = sourcecode.swift; path = Service.swift; sourceTree = "<group>"; };
		C4D97A312262310300B8FFCD /* ServiceController.swift */ = {isa = PBXFileReference; lastKnownFileType = sourcecode.swift; path = ServiceController.swift; sourceTree = "<group>"; };
		C4DB74112253E69A00C97FDD /* HomeViewModel.swift */ = {isa = PBXFileReference; lastKnownFileType = sourcecode.swift; path = HomeViewModel.swift; sourceTree = "<group>"; };
		C4DB74132253E8BC00C97FDD /* ItemsHeaderTableViewCell.swift */ = {isa = PBXFileReference; lastKnownFileType = sourcecode.swift; path = ItemsHeaderTableViewCell.swift; sourceTree = "<group>"; };
		C4DB74142253E8BC00C97FDD /* ItemsHeaderTableViewCell.xib */ = {isa = PBXFileReference; lastKnownFileType = file.xib; path = ItemsHeaderTableViewCell.xib; sourceTree = "<group>"; };
		C4DB74192253F27600C97FDD /* DepartmentsCollectionViewTableViewCell.swift */ = {isa = PBXFileReference; lastKnownFileType = sourcecode.swift; path = DepartmentsCollectionViewTableViewCell.swift; sourceTree = "<group>"; };
		C4DB741A2253F27600C97FDD /* DepartmentsCollectionViewTableViewCell.xib */ = {isa = PBXFileReference; lastKnownFileType = file.xib; path = DepartmentsCollectionViewTableViewCell.xib; sourceTree = "<group>"; };
		C4DB741E2253FD0A00C97FDD /* DepartmentCollectionViewCell.swift */ = {isa = PBXFileReference; lastKnownFileType = sourcecode.swift; path = DepartmentCollectionViewCell.swift; sourceTree = "<group>"; };
		C4DB741F2253FD0A00C97FDD /* DepartmentCollectionViewCell.xib */ = {isa = PBXFileReference; lastKnownFileType = file.xib; path = DepartmentCollectionViewCell.xib; sourceTree = "<group>"; };
		C4DDF9B822430E84005930E5 /* Colors.xcassets */ = {isa = PBXFileReference; lastKnownFileType = folder.assetcatalog; path = Colors.xcassets; sourceTree = "<group>"; };
		C4DDF9BA22431111005930E5 /* IRANSans_Black.ttf */ = {isa = PBXFileReference; lastKnownFileType = file; path = IRANSans_Black.ttf; sourceTree = "<group>"; };
		C4DDF9BB22431111005930E5 /* IRANSans.ttf */ = {isa = PBXFileReference; lastKnownFileType = file; path = IRANSans.ttf; sourceTree = "<group>"; };
		C4DDF9BC22431112005930E5 /* IRANSans_Light.ttf */ = {isa = PBXFileReference; lastKnownFileType = file; path = IRANSans_Light.ttf; sourceTree = "<group>"; };
		C4DDF9BD22431112005930E5 /* IRANSans_Medium.ttf */ = {isa = PBXFileReference; lastKnownFileType = file; path = IRANSans_Medium.ttf; sourceTree = "<group>"; };
		C4DDF9BE22431112005930E5 /* IRANSans_UltraLight.ttf */ = {isa = PBXFileReference; lastKnownFileType = file; path = IRANSans_UltraLight.ttf; sourceTree = "<group>"; };
		C4DDF9BF22431112005930E5 /* IRANSans_Bold.ttf */ = {isa = PBXFileReference; lastKnownFileType = file; path = IRANSans_Bold.ttf; sourceTree = "<group>"; };
		C4DDF9C622432007005930E5 /* UIView+Extension.swift */ = {isa = PBXFileReference; lastKnownFileType = sourcecode.swift; path = "UIView+Extension.swift"; sourceTree = "<group>"; };
		C4E0C2622242CD7F008518C3 /* Sharif Open Courseware.app */ = {isa = PBXFileReference; explicitFileType = wrapper.application; includeInIndex = 0; path = "Sharif Open Courseware.app"; sourceTree = BUILT_PRODUCTS_DIR; };
		C4E0C2652242CD7F008518C3 /* AppDelegate.swift */ = {isa = PBXFileReference; lastKnownFileType = sourcecode.swift; path = AppDelegate.swift; sourceTree = "<group>"; };
		C4E0C2672242CD7F008518C3 /* HomeViewController.swift */ = {isa = PBXFileReference; lastKnownFileType = sourcecode.swift; path = HomeViewController.swift; sourceTree = "<group>"; };
		C4E0C26A2242CD7F008518C3 /* Base */ = {isa = PBXFileReference; lastKnownFileType = file.storyboard; name = Base; path = Base.lproj/Main.storyboard; sourceTree = "<group>"; };
		C4E0C26C2242CD81008518C3 /* Assets.xcassets */ = {isa = PBXFileReference; lastKnownFileType = folder.assetcatalog; path = Assets.xcassets; sourceTree = "<group>"; };
		C4E0C26F2242CD81008518C3 /* Base */ = {isa = PBXFileReference; lastKnownFileType = file.storyboard; name = Base; path = Base.lproj/LaunchScreen.storyboard; sourceTree = "<group>"; };
		C4E0C2712242CD81008518C3 /* Info.plist */ = {isa = PBXFileReference; lastKnownFileType = text.plist.xml; path = Info.plist; sourceTree = "<group>"; };
		C4E0C2762242CD82008518C3 /* Sharif Open CoursewareTests.xctest */ = {isa = PBXFileReference; explicitFileType = wrapper.cfbundle; includeInIndex = 0; path = "Sharif Open CoursewareTests.xctest"; sourceTree = BUILT_PRODUCTS_DIR; };
		C4E0C27A2242CD82008518C3 /* Sharif_Open_CoursewareTests.swift */ = {isa = PBXFileReference; lastKnownFileType = sourcecode.swift; path = Sharif_Open_CoursewareTests.swift; sourceTree = "<group>"; };
		C4E0C27C2242CD82008518C3 /* Info.plist */ = {isa = PBXFileReference; lastKnownFileType = text.plist.xml; path = Info.plist; sourceTree = "<group>"; };
		C4E0C2812242CD82008518C3 /* Sharif Open CoursewareUITests.xctest */ = {isa = PBXFileReference; explicitFileType = wrapper.cfbundle; includeInIndex = 0; path = "Sharif Open CoursewareUITests.xctest"; sourceTree = BUILT_PRODUCTS_DIR; };
		C4E0C2852242CD82008518C3 /* Sharif_Open_CoursewareUITests.swift */ = {isa = PBXFileReference; lastKnownFileType = sourcecode.swift; path = Sharif_Open_CoursewareUITests.swift; sourceTree = "<group>"; };
		C4E0C2872242CD82008518C3 /* Info.plist */ = {isa = PBXFileReference; lastKnownFileType = text.plist.xml; path = Info.plist; sourceTree = "<group>"; };
		D563710CC4B85B4E9E733B5F /* Pods-Sharif Open Courseware.release.xcconfig */ = {isa = PBXFileReference; includeInIndex = 1; lastKnownFileType = text.xcconfig; name = "Pods-Sharif Open Courseware.release.xcconfig"; path = "Target Support Files/Pods-Sharif Open Courseware/Pods-Sharif Open Courseware.release.xcconfig"; sourceTree = "<group>"; };
		F15D11743A0A81AFAE4520F7 /* Pods_Sharif_Open_Courseware.framework */ = {isa = PBXFileReference; explicitFileType = wrapper.framework; includeInIndex = 0; path = Pods_Sharif_Open_Courseware.framework; sourceTree = BUILT_PRODUCTS_DIR; };
/* End PBXFileReference section */

/* Begin PBXFrameworksBuildPhase section */
		C4E0C25F2242CD7F008518C3 /* Frameworks */ = {
			isa = PBXFrameworksBuildPhase;
			buildActionMask = 2147483647;
			files = (
				35A977498EC26FF0B9DDCEE0 /* Pods_Sharif_Open_Courseware.framework in Frameworks */,
			);
			runOnlyForDeploymentPostprocessing = 0;
		};
		C4E0C2732242CD82008518C3 /* Frameworks */ = {
			isa = PBXFrameworksBuildPhase;
			buildActionMask = 2147483647;
			files = (
				C5D94070DA424E72EE42C07B /* Pods_Sharif_Open_CoursewareTests.framework in Frameworks */,
			);
			runOnlyForDeploymentPostprocessing = 0;
		};
		C4E0C27E2242CD82008518C3 /* Frameworks */ = {
			isa = PBXFrameworksBuildPhase;
			buildActionMask = 2147483647;
			files = (
				CE411A7B4769BC399AE2B2EF /* Pods_Sharif_Open_CoursewareUITests.framework in Frameworks */,
			);
			runOnlyForDeploymentPostprocessing = 0;
		};
/* End PBXFrameworksBuildPhase section */

/* Begin PBXGroup section */
		1F611E2E144C6F7F3C8D41BB /* Pods */ = {
			isa = PBXGroup;
			children = (
				933746739B36F185753D273D /* Pods-Sharif Open Courseware.debug.xcconfig */,
				D563710CC4B85B4E9E733B5F /* Pods-Sharif Open Courseware.release.xcconfig */,
				A885CB82800A99FF1180378C /* Pods-Sharif Open CoursewareTests.debug.xcconfig */,
				629E490956ABB4D10EB4B070 /* Pods-Sharif Open CoursewareTests.release.xcconfig */,
				08A26EC72A5C9F4FBF423213 /* Pods-Sharif Open CoursewareUITests.debug.xcconfig */,
				A7D5A147A6074B6D729A3F75 /* Pods-Sharif Open CoursewareUITests.release.xcconfig */,
			);
			path = Pods;
			sourceTree = "<group>";
		};
		A1BA1EAD08710991FE4A4FB9 /* Frameworks */ = {
			isa = PBXGroup;
			children = (
				F15D11743A0A81AFAE4520F7 /* Pods_Sharif_Open_Courseware.framework */,
				A18889C70759A3BC0FDB56F0 /* Pods_Sharif_Open_CoursewareTests.framework */,
				5A29A0359EE9796E30F6CE9B /* Pods_Sharif_Open_CoursewareUITests.framework */,
			);
			name = Frameworks;
			sourceTree = "<group>";
		};
		C428C40D224955FE00186BF5 /* Views */ = {
			isa = PBXGroup;
			children = (
				C42D9A07225A5DA40064B70F /* CourseVideoTableViewCell */,
				C47E0B52225665B300772A0C /* TeacherIntroForCourseTableViewCell */,
				C47E0B492255F71000772A0C /* DepartmentCoursesCollectionTableViewCell */,
				C47E0B442255F31500772A0C /* DepartmentIntroductionTableViewCell */,
				C4CF6D6C2254AC5C005D3F38 /* CoursesCollectionTableViewCell */,
				C4CF6D672254ABD2005D3F38 /* CourseCollectionViewCell */,
				C4DB741D2253FCE400C97FDD /* DepartmentCollectionViewCell */,
				C4DB74182253F25700C97FDD /* DepartmentsCollectionViewTableViewCell */,
				C4DB74172253E8CB00C97FDD /* ItemsHeaderTableViewCell */,
				C4E0C2672242CD7F008518C3 /* HomeViewController.swift */,
				C47E0B402255D8AC00772A0C /* DepartmentViewController.swift */,
				C47E0B4E225607C500772A0C /* CourseViewController.swift */,
				C4D97A2822622AA600B8FFCD /* LoadingView.swift */,
			);
			path = Views;
			sourceTree = "<group>";
		};
		C42D9A07225A5DA40064B70F /* CourseVideoTableViewCell */ = {
			isa = PBXGroup;
			children = (
				C42D9A08225A5DCF0064B70F /* CourseVideoTableViewCell.swift */,
				C42D9A09225A5DCF0064B70F /* CourseVideoTableViewCell.xib */,
			);
			path = CourseVideoTableViewCell;
			sourceTree = "<group>";
		};
		C47E0B442255F31500772A0C /* DepartmentIntroductionTableViewCell */ = {
			isa = PBXGroup;
			children = (
				C47E0B452255F35500772A0C /* DepartmentIntroductionTableViewCell.swift */,
				C47E0B462255F35500772A0C /* DepartmentIntroductionTableViewCell.xib */,
			);
			path = DepartmentIntroductionTableViewCell;
			sourceTree = "<group>";
		};
		C47E0B492255F71000772A0C /* DepartmentCoursesCollectionTableViewCell */ = {
			isa = PBXGroup;
			children = (
				C47E0B4A2255F75700772A0C /* DepartmentCoursesCollectionTableViewCell.swift */,
				C47E0B4B2255F75700772A0C /* DepartmentCoursesCollectionTableViewCell.xib */,
			);
			path = DepartmentCoursesCollectionTableViewCell;
			sourceTree = "<group>";
		};
		C47E0B52225665B300772A0C /* TeacherIntroForCourseTableViewCell */ = {
			isa = PBXGroup;
			children = (
				C47E0B532256660700772A0C /* TeacherIntroForCourseTableViewCell.swift */,
				C47E0B542256660700772A0C /* TeacherIntroForCourseTableViewCell.xib */,
			);
			path = TeacherIntroForCourseTableViewCell;
			sourceTree = "<group>";
		};
		C4CF6D642254A038005D3F38 /* Model */ = {
			isa = PBXGroup;
			children = (
				C4CF6D652254A2E8005D3F38 /* Department.swift */,
			);
			path = Model;
			sourceTree = "<group>";
		};
		C4CF6D672254ABD2005D3F38 /* CourseCollectionViewCell */ = {
			isa = PBXGroup;
			children = (
				C4CF6D682254AC2F005D3F38 /* CourseCollectionViewCell.swift */,
				C4CF6D692254AC2F005D3F38 /* CourseCollectionViewCell.xib */,
			);
			path = CourseCollectionViewCell;
			sourceTree = "<group>";
		};
		C4CF6D6C2254AC5C005D3F38 /* CoursesCollectionTableViewCell */ = {
			isa = PBXGroup;
			children = (
				C4CF6D6D2254AC7D005D3F38 /* CoursesCollectionTableViewCell.swift */,
				C4CF6D6E2254AC7D005D3F38 /* CoursesCollectionTableViewCell.xib */,
			);
			path = CoursesCollectionTableViewCell;
			sourceTree = "<group>";
		};
		C4D97A2522622A0600B8FFCD /* Extensions */ = {
			isa = PBXGroup;
			children = (
				C4DDF9C622432007005930E5 /* UIView+Extension.swift */,
				C4D97A2622622A5000B8FFCD /* Extension+UIViewController.swift */,
			);
			path = Extensions;
			sourceTree = "<group>";
		};
		C4D97A2A22622C5600B8FFCD /* Utility */ = {
			isa = PBXGroup;
			children = (
				C4D97A2B22622CCC00B8FFCD /* UserDefaultsUtility.swift */,
			);
			path = Utility;
			sourceTree = "<group>";
		};
		C4D97A2D22622E8600B8FFCD /* Service */ = {
			isa = PBXGroup;
			children = (
				C4D97A2F22622EBA00B8FFCD /* Service.swift */,
			);
			path = Service;
			sourceTree = "<group>";
		};
		C4D97A2E22622E9500B8FFCD /* ServiceControllers */ = {
			isa = PBXGroup;
			children = (
				C4D97A312262310300B8FFCD /* ServiceController.swift */,
			);
			path = ServiceControllers;
			sourceTree = "<group>";
		};
		C4DB74102253E64E00C97FDD /* ViewModels */ = {
			isa = PBXGroup;
			children = (
				C4DB74112253E69A00C97FDD /* HomeViewModel.swift */,
				C47E0B422255EB0200772A0C /* DepartmentViewModel.swift */,
				C47E0B502256334600772A0C /* CourseViewModel.swift */,
			);
			path = ViewModels;
			sourceTree = "<group>";
		};
		C4DB74172253E8CB00C97FDD /* ItemsHeaderTableViewCell */ = {
			isa = PBXGroup;
			children = (
				C4DB74132253E8BC00C97FDD /* ItemsHeaderTableViewCell.swift */,
				C4DB74142253E8BC00C97FDD /* ItemsHeaderTableViewCell.xib */,
			);
			path = ItemsHeaderTableViewCell;
			sourceTree = "<group>";
		};
		C4DB74182253F25700C97FDD /* DepartmentsCollectionViewTableViewCell */ = {
			isa = PBXGroup;
			children = (
				C4DB74192253F27600C97FDD /* DepartmentsCollectionViewTableViewCell.swift */,
				C4DB741A2253F27600C97FDD /* DepartmentsCollectionViewTableViewCell.xib */,
			);
			path = DepartmentsCollectionViewTableViewCell;
			sourceTree = "<group>";
		};
		C4DB741D2253FCE400C97FDD /* DepartmentCollectionViewCell */ = {
			isa = PBXGroup;
			children = (
				C4DB741E2253FD0A00C97FDD /* DepartmentCollectionViewCell.swift */,
				C4DB741F2253FD0A00C97FDD /* DepartmentCollectionViewCell.xib */,
			);
			path = DepartmentCollectionViewCell;
			sourceTree = "<group>";
		};
		C4E0C2592242CD7F008518C3 = {
			isa = PBXGroup;
			children = (
				C4E0C2642242CD7F008518C3 /* Sharif Open Courseware */,
				C4E0C2792242CD82008518C3 /* Sharif Open CoursewareTests */,
				C4E0C2842242CD82008518C3 /* Sharif Open CoursewareUITests */,
				C4E0C2632242CD7F008518C3 /* Products */,
				1F611E2E144C6F7F3C8D41BB /* Pods */,
				A1BA1EAD08710991FE4A4FB9 /* Frameworks */,
			);
			sourceTree = "<group>";
		};
		C4E0C2632242CD7F008518C3 /* Products */ = {
			isa = PBXGroup;
			children = (
				C4E0C2622242CD7F008518C3 /* Sharif Open Courseware.app */,
				C4E0C2762242CD82008518C3 /* Sharif Open CoursewareTests.xctest */,
				C4E0C2812242CD82008518C3 /* Sharif Open CoursewareUITests.xctest */,
			);
			name = Products;
			sourceTree = "<group>";
		};
		C4E0C2642242CD7F008518C3 /* Sharif Open Courseware */ = {
			isa = PBXGroup;
			children = (
				C4D97A2E22622E9500B8FFCD /* ServiceControllers */,
				C4D97A2D22622E8600B8FFCD /* Service */,
				C4D97A2A22622C5600B8FFCD /* Utility */,
				C4D97A2522622A0600B8FFCD /* Extensions */,
				C4CF6D642254A038005D3F38 /* Model */,
				C4DB74102253E64E00C97FDD /* ViewModels */,
				C428C40D224955FE00186BF5 /* Views */,
				C4E0C2652242CD7F008518C3 /* AppDelegate.swift */,
				C4DDF9BA22431111005930E5 /* IRANSans_Black.ttf */,
				C4DDF9BF22431112005930E5 /* IRANSans_Bold.ttf */,
				C4DDF9BC22431112005930E5 /* IRANSans_Light.ttf */,
				C4DDF9BD22431112005930E5 /* IRANSans_Medium.ttf */,
				C4DDF9BE22431112005930E5 /* IRANSans_UltraLight.ttf */,
				C4DDF9BB22431111005930E5 /* IRANSans.ttf */,
				C4E0C2692242CD7F008518C3 /* Main.storyboard */,
				C4E0C26C2242CD81008518C3 /* Assets.xcassets */,
				C4E0C26E2242CD81008518C3 /* LaunchScreen.storyboard */,
				C4E0C2712242CD81008518C3 /* Info.plist */,
				C4DDF9B822430E84005930E5 /* Colors.xcassets */,
			);
			path = "Sharif Open Courseware";
			sourceTree = "<group>";
		};
		C4E0C2792242CD82008518C3 /* Sharif Open CoursewareTests */ = {
			isa = PBXGroup;
			children = (
				C4E0C27A2242CD82008518C3 /* Sharif_Open_CoursewareTests.swift */,
				C4E0C27C2242CD82008518C3 /* Info.plist */,
			);
			path = "Sharif Open CoursewareTests";
			sourceTree = "<group>";
		};
		C4E0C2842242CD82008518C3 /* Sharif Open CoursewareUITests */ = {
			isa = PBXGroup;
			children = (
				C4E0C2852242CD82008518C3 /* Sharif_Open_CoursewareUITests.swift */,
				C4E0C2872242CD82008518C3 /* Info.plist */,
			);
			path = "Sharif Open CoursewareUITests";
			sourceTree = "<group>";
		};
/* End PBXGroup section */

/* Begin PBXNativeTarget section */
		C4E0C2612242CD7F008518C3 /* Sharif Open Courseware */ = {
			isa = PBXNativeTarget;
			buildConfigurationList = C4E0C28A2242CD82008518C3 /* Build configuration list for PBXNativeTarget "Sharif Open Courseware" */;
			buildPhases = (
				3CBF0124BA99C32A5179DB7B /* [CP] Check Pods Manifest.lock */,
				C4E0C25E2242CD7F008518C3 /* Sources */,
				C4E0C25F2242CD7F008518C3 /* Frameworks */,
				C4E0C2602242CD7F008518C3 /* Resources */,
				5BCE504281BFF51C5A53707D /* [CP] Embed Pods Frameworks */,
			);
			buildRules = (
			);
			dependencies = (
			);
			name = "Sharif Open Courseware";
			productName = "Sharif Open Courseware";
			productReference = C4E0C2622242CD7F008518C3 /* Sharif Open Courseware.app */;
			productType = "com.apple.product-type.application";
		};
		C4E0C2752242CD82008518C3 /* Sharif Open CoursewareTests */ = {
			isa = PBXNativeTarget;
			buildConfigurationList = C4E0C28D2242CD82008518C3 /* Build configuration list for PBXNativeTarget "Sharif Open CoursewareTests" */;
			buildPhases = (
				AE55C24CE8230E3363B58E91 /* [CP] Check Pods Manifest.lock */,
				C4E0C2722242CD82008518C3 /* Sources */,
				C4E0C2732242CD82008518C3 /* Frameworks */,
				C4E0C2742242CD82008518C3 /* Resources */,
			);
			buildRules = (
			);
			dependencies = (
				C4E0C2782242CD82008518C3 /* PBXTargetDependency */,
			);
			name = "Sharif Open CoursewareTests";
			productName = "Sharif Open CoursewareTests";
			productReference = C4E0C2762242CD82008518C3 /* Sharif Open CoursewareTests.xctest */;
			productType = "com.apple.product-type.bundle.unit-test";
		};
		C4E0C2802242CD82008518C3 /* Sharif Open CoursewareUITests */ = {
			isa = PBXNativeTarget;
			buildConfigurationList = C4E0C2902242CD82008518C3 /* Build configuration list for PBXNativeTarget "Sharif Open CoursewareUITests" */;
			buildPhases = (
				F70EF7BD3F230067F10A88A2 /* [CP] Check Pods Manifest.lock */,
				C4E0C27D2242CD82008518C3 /* Sources */,
				C4E0C27E2242CD82008518C3 /* Frameworks */,
				C4E0C27F2242CD82008518C3 /* Resources */,
			);
			buildRules = (
			);
			dependencies = (
				C4E0C2832242CD82008518C3 /* PBXTargetDependency */,
			);
			name = "Sharif Open CoursewareUITests";
			productName = "Sharif Open CoursewareUITests";
			productReference = C4E0C2812242CD82008518C3 /* Sharif Open CoursewareUITests.xctest */;
			productType = "com.apple.product-type.bundle.ui-testing";
		};
/* End PBXNativeTarget section */

/* Begin PBXProject section */
		C4E0C25A2242CD7F008518C3 /* Project object */ = {
			isa = PBXProject;
			attributes = {
				LastSwiftUpdateCheck = 1010;
				LastUpgradeCheck = 1010;
				ORGANIZATIONNAME = "Sharif University of Technology";
				TargetAttributes = {
					C4E0C2612242CD7F008518C3 = {
						CreatedOnToolsVersion = 10.1;
					};
					C4E0C2752242CD82008518C3 = {
						CreatedOnToolsVersion = 10.1;
						TestTargetID = C4E0C2612242CD7F008518C3;
					};
					C4E0C2802242CD82008518C3 = {
						CreatedOnToolsVersion = 10.1;
						TestTargetID = C4E0C2612242CD7F008518C3;
					};
				};
			};
			buildConfigurationList = C4E0C25D2242CD7F008518C3 /* Build configuration list for PBXProject "Sharif Open Courseware" */;
			compatibilityVersion = "Xcode 9.3";
			developmentRegion = en;
			hasScannedForEncodings = 0;
			knownRegions = (
				en,
				Base,
			);
			mainGroup = C4E0C2592242CD7F008518C3;
			productRefGroup = C4E0C2632242CD7F008518C3 /* Products */;
			projectDirPath = "";
			projectRoot = "";
			targets = (
				C4E0C2612242CD7F008518C3 /* Sharif Open Courseware */,
				C4E0C2752242CD82008518C3 /* Sharif Open CoursewareTests */,
				C4E0C2802242CD82008518C3 /* Sharif Open CoursewareUITests */,
			);
		};
/* End PBXProject section */

/* Begin PBXResourcesBuildPhase section */
		C4E0C2602242CD7F008518C3 /* Resources */ = {
			isa = PBXResourcesBuildPhase;
			buildActionMask = 2147483647;
			files = (
				C47E0B562256660700772A0C /* TeacherIntroForCourseTableViewCell.xib in Resources */,
				C4DDF9C422431113005930E5 /* IRANSans_UltraLight.ttf in Resources */,
				C47E0B482255F35500772A0C /* DepartmentIntroductionTableViewCell.xib in Resources */,
				C47E0B4D2255F75700772A0C /* DepartmentCoursesCollectionTableViewCell.xib in Resources */,
				C4CF6D702254AC7D005D3F38 /* CoursesCollectionTableViewCell.xib in Resources */,
				C4E0C2702242CD81008518C3 /* LaunchScreen.storyboard in Resources */,
				C4DB74162253E8BC00C97FDD /* ItemsHeaderTableViewCell.xib in Resources */,
				C4DDF9C022431113005930E5 /* IRANSans_Black.ttf in Resources */,
				C4DDF9B922430E84005930E5 /* Colors.xcassets in Resources */,
				C4E0C26D2242CD81008518C3 /* Assets.xcassets in Resources */,
				C4DDF9C222431113005930E5 /* IRANSans_Light.ttf in Resources */,
				C4DDF9C522431113005930E5 /* IRANSans_Bold.ttf in Resources */,
				C4E0C26B2242CD7F008518C3 /* Main.storyboard in Resources */,
				C4DDF9C322431113005930E5 /* IRANSans_Medium.ttf in Resources */,
				C4DB741C2253F27600C97FDD /* DepartmentsCollectionViewTableViewCell.xib in Resources */,
				C4DDF9C122431113005930E5 /* IRANSans.ttf in Resources */,
				C4DB74212253FD0A00C97FDD /* DepartmentCollectionViewCell.xib in Resources */,
				C4CF6D6B2254AC2F005D3F38 /* CourseCollectionViewCell.xib in Resources */,
				C42D9A0B225A5DCF0064B70F /* CourseVideoTableViewCell.xib in Resources */,
			);
			runOnlyForDeploymentPostprocessing = 0;
		};
		C4E0C2742242CD82008518C3 /* Resources */ = {
			isa = PBXResourcesBuildPhase;
			buildActionMask = 2147483647;
			files = (
			);
			runOnlyForDeploymentPostprocessing = 0;
		};
		C4E0C27F2242CD82008518C3 /* Resources */ = {
			isa = PBXResourcesBuildPhase;
			buildActionMask = 2147483647;
			files = (
			);
			runOnlyForDeploymentPostprocessing = 0;
		};
/* End PBXResourcesBuildPhase section */

/* Begin PBXShellScriptBuildPhase section */
		3CBF0124BA99C32A5179DB7B /* [CP] Check Pods Manifest.lock */ = {
			isa = PBXShellScriptBuildPhase;
			buildActionMask = 2147483647;
			files = (
			);
			inputFileListPaths = (
			);
			inputPaths = (
				"${PODS_PODFILE_DIR_PATH}/Podfile.lock",
				"${PODS_ROOT}/Manifest.lock",
			);
			name = "[CP] Check Pods Manifest.lock";
			outputFileListPaths = (
			);
			outputPaths = (
				"$(DERIVED_FILE_DIR)/Pods-Sharif Open Courseware-checkManifestLockResult.txt",
			);
			runOnlyForDeploymentPostprocessing = 0;
			shellPath = /bin/sh;
			shellScript = "diff \"${PODS_PODFILE_DIR_PATH}/Podfile.lock\" \"${PODS_ROOT}/Manifest.lock\" > /dev/null\nif [ $? != 0 ] ; then\n    # print error to STDERR\n    echo \"error: The sandbox is not in sync with the Podfile.lock. Run 'pod install' or update your CocoaPods installation.\" >&2\n    exit 1\nfi\n# This output is used by Xcode 'outputs' to avoid re-running this script phase.\necho \"SUCCESS\" > \"${SCRIPT_OUTPUT_FILE_0}\"\n";
			showEnvVarsInLog = 0;
		};
		5BCE504281BFF51C5A53707D /* [CP] Embed Pods Frameworks */ = {
			isa = PBXShellScriptBuildPhase;
			buildActionMask = 2147483647;
			files = (
			);
			inputFileListPaths = (
			);
			inputPaths = (
				"${PODS_ROOT}/Target Support Files/Pods-Sharif Open Courseware/Pods-Sharif Open Courseware-frameworks.sh",
				"${BUILT_PRODUCTS_DIR}/Alamofire/Alamofire.framework",
				"${BUILT_PRODUCTS_DIR}/Moya/Moya.framework",
				"${BUILT_PRODUCTS_DIR}/Realm/Realm.framework",
				"${BUILT_PRODUCTS_DIR}/RealmSwift/RealmSwift.framework",
				"${BUILT_PRODUCTS_DIR}/Result/Result.framework",
				"${BUILT_PRODUCTS_DIR}/SwiftyJSON/SwiftyJSON.framework",
			);
			name = "[CP] Embed Pods Frameworks";
			outputFileListPaths = (
			);
			outputPaths = (
				"${TARGET_BUILD_DIR}/${FRAMEWORKS_FOLDER_PATH}/Alamofire.framework",
				"${TARGET_BUILD_DIR}/${FRAMEWORKS_FOLDER_PATH}/Moya.framework",
				"${TARGET_BUILD_DIR}/${FRAMEWORKS_FOLDER_PATH}/Realm.framework",
				"${TARGET_BUILD_DIR}/${FRAMEWORKS_FOLDER_PATH}/RealmSwift.framework",
				"${TARGET_BUILD_DIR}/${FRAMEWORKS_FOLDER_PATH}/Result.framework",
				"${TARGET_BUILD_DIR}/${FRAMEWORKS_FOLDER_PATH}/SwiftyJSON.framework",
			);
			runOnlyForDeploymentPostprocessing = 0;
			shellPath = /bin/sh;
			shellScript = "\"${PODS_ROOT}/Target Support Files/Pods-Sharif Open Courseware/Pods-Sharif Open Courseware-frameworks.sh\"\n";
			showEnvVarsInLog = 0;
		};
		AE55C24CE8230E3363B58E91 /* [CP] Check Pods Manifest.lock */ = {
			isa = PBXShellScriptBuildPhase;
			buildActionMask = 2147483647;
			files = (
			);
			inputFileListPaths = (
			);
			inputPaths = (
				"${PODS_PODFILE_DIR_PATH}/Podfile.lock",
				"${PODS_ROOT}/Manifest.lock",
			);
			name = "[CP] Check Pods Manifest.lock";
			outputFileListPaths = (
			);
			outputPaths = (
				"$(DERIVED_FILE_DIR)/Pods-Sharif Open CoursewareTests-checkManifestLockResult.txt",
			);
			runOnlyForDeploymentPostprocessing = 0;
			shellPath = /bin/sh;
			shellScript = "diff \"${PODS_PODFILE_DIR_PATH}/Podfile.lock\" \"${PODS_ROOT}/Manifest.lock\" > /dev/null\nif [ $? != 0 ] ; then\n    # print error to STDERR\n    echo \"error: The sandbox is not in sync with the Podfile.lock. Run 'pod install' or update your CocoaPods installation.\" >&2\n    exit 1\nfi\n# This output is used by Xcode 'outputs' to avoid re-running this script phase.\necho \"SUCCESS\" > \"${SCRIPT_OUTPUT_FILE_0}\"\n";
			showEnvVarsInLog = 0;
		};
		F70EF7BD3F230067F10A88A2 /* [CP] Check Pods Manifest.lock */ = {
			isa = PBXShellScriptBuildPhase;
			buildActionMask = 2147483647;
			files = (
			);
			inputFileListPaths = (
			);
			inputPaths = (
				"${PODS_PODFILE_DIR_PATH}/Podfile.lock",
				"${PODS_ROOT}/Manifest.lock",
			);
			name = "[CP] Check Pods Manifest.lock";
			outputFileListPaths = (
			);
			outputPaths = (
				"$(DERIVED_FILE_DIR)/Pods-Sharif Open CoursewareUITests-checkManifestLockResult.txt",
			);
			runOnlyForDeploymentPostprocessing = 0;
			shellPath = /bin/sh;
			shellScript = "diff \"${PODS_PODFILE_DIR_PATH}/Podfile.lock\" \"${PODS_ROOT}/Manifest.lock\" > /dev/null\nif [ $? != 0 ] ; then\n    # print error to STDERR\n    echo \"error: The sandbox is not in sync with the Podfile.lock. Run 'pod install' or update your CocoaPods installation.\" >&2\n    exit 1\nfi\n# This output is used by Xcode 'outputs' to avoid re-running this script phase.\necho \"SUCCESS\" > \"${SCRIPT_OUTPUT_FILE_0}\"\n";
			showEnvVarsInLog = 0;
		};
/* End PBXShellScriptBuildPhase section */

/* Begin PBXSourcesBuildPhase section */
		C4E0C25E2242CD7F008518C3 /* Sources */ = {
			isa = PBXSourcesBuildPhase;
			buildActionMask = 2147483647;
			files = (
				C47E0B432255EB0200772A0C /* DepartmentViewModel.swift in Sources */,
				C4CF6D6F2254AC7D005D3F38 /* CoursesCollectionTableViewCell.swift in Sources */,
				C4D97A2722622A5000B8FFCD /* Extension+UIViewController.swift in Sources */,
				C4DB74202253FD0A00C97FDD /* DepartmentCollectionViewCell.swift in Sources */,
				C4DB74152253E8BC00C97FDD /* ItemsHeaderTableViewCell.swift in Sources */,
				C4DDF9C722432007005930E5 /* UIView+Extension.swift in Sources */,
				C4E0C2682242CD7F008518C3 /* HomeViewController.swift in Sources */,
				C47E0B4C2255F75700772A0C /* DepartmentCoursesCollectionTableViewCell.swift in Sources */,
				C4DB741B2253F27600C97FDD /* DepartmentsCollectionViewTableViewCell.swift in Sources */,
				C47E0B4F225607C500772A0C /* CourseViewController.swift in Sources */,
				C4DB74122253E69A00C97FDD /* HomeViewModel.swift in Sources */,
				C4CF6D6A2254AC2F005D3F38 /* CourseCollectionViewCell.swift in Sources */,
				C47E0B552256660700772A0C /* TeacherIntroForCourseTableViewCell.swift in Sources */,
				C4D97A2922622AA600B8FFCD /* LoadingView.swift in Sources */,
				C47E0B472255F35500772A0C /* DepartmentIntroductionTableViewCell.swift in Sources */,
				C4D97A2C22622CCC00B8FFCD /* UserDefaultsUtility.swift in Sources */,
				C4D97A322262310300B8FFCD /* ServiceController.swift in Sources */,
				C4E0C2662242CD7F008518C3 /* AppDelegate.swift in Sources */,
				C42D9A0A225A5DCF0064B70F /* CourseVideoTableViewCell.swift in Sources */,
				C47E0B512256334600772A0C /* CourseViewModel.swift in Sources */,
				C4D97A3022622EBA00B8FFCD /* Service.swift in Sources */,
				C4CF6D662254A2E8005D3F38 /* Department.swift in Sources */,
				C47E0B412255D8AC00772A0C /* DepartmentViewController.swift in Sources */,
			);
			runOnlyForDeploymentPostprocessing = 0;
		};
		C4E0C2722242CD82008518C3 /* Sources */ = {
			isa = PBXSourcesBuildPhase;
			buildActionMask = 2147483647;
			files = (
				C4E0C27B2242CD82008518C3 /* Sharif_Open_CoursewareTests.swift in Sources */,
			);
			runOnlyForDeploymentPostprocessing = 0;
		};
		C4E0C27D2242CD82008518C3 /* Sources */ = {
			isa = PBXSourcesBuildPhase;
			buildActionMask = 2147483647;
			files = (
				C4E0C2862242CD82008518C3 /* Sharif_Open_CoursewareUITests.swift in Sources */,
			);
			runOnlyForDeploymentPostprocessing = 0;
		};
/* End PBXSourcesBuildPhase section */

/* Begin PBXTargetDependency section */
		C4E0C2782242CD82008518C3 /* PBXTargetDependency */ = {
			isa = PBXTargetDependency;
			target = C4E0C2612242CD7F008518C3 /* Sharif Open Courseware */;
			targetProxy = C4E0C2772242CD82008518C3 /* PBXContainerItemProxy */;
		};
		C4E0C2832242CD82008518C3 /* PBXTargetDependency */ = {
			isa = PBXTargetDependency;
			target = C4E0C2612242CD7F008518C3 /* Sharif Open Courseware */;
			targetProxy = C4E0C2822242CD82008518C3 /* PBXContainerItemProxy */;
		};
/* End PBXTargetDependency section */

/* Begin PBXVariantGroup section */
		C4E0C2692242CD7F008518C3 /* Main.storyboard */ = {
			isa = PBXVariantGroup;
			children = (
				C4E0C26A2242CD7F008518C3 /* Base */,
			);
			name = Main.storyboard;
			sourceTree = "<group>";
		};
		C4E0C26E2242CD81008518C3 /* LaunchScreen.storyboard */ = {
			isa = PBXVariantGroup;
			children = (
				C4E0C26F2242CD81008518C3 /* Base */,
			);
			name = LaunchScreen.storyboard;
			sourceTree = "<group>";
		};
/* End PBXVariantGroup section */

/* Begin XCBuildConfiguration section */
		C4E0C2882242CD82008518C3 /* Debug */ = {
			isa = XCBuildConfiguration;
			buildSettings = {
				ALWAYS_SEARCH_USER_PATHS = NO;
				CLANG_ANALYZER_NONNULL = YES;
				CLANG_ANALYZER_NUMBER_OBJECT_CONVERSION = YES_AGGRESSIVE;
				CLANG_CXX_LANGUAGE_STANDARD = "gnu++14";
				CLANG_CXX_LIBRARY = "libc++";
				CLANG_ENABLE_MODULES = YES;
				CLANG_ENABLE_OBJC_ARC = YES;
				CLANG_ENABLE_OBJC_WEAK = YES;
				CLANG_WARN_BLOCK_CAPTURE_AUTORELEASING = YES;
				CLANG_WARN_BOOL_CONVERSION = YES;
				CLANG_WARN_COMMA = YES;
				CLANG_WARN_CONSTANT_CONVERSION = YES;
				CLANG_WARN_DEPRECATED_OBJC_IMPLEMENTATIONS = YES;
				CLANG_WARN_DIRECT_OBJC_ISA_USAGE = YES_ERROR;
				CLANG_WARN_DOCUMENTATION_COMMENTS = YES;
				CLANG_WARN_EMPTY_BODY = YES;
				CLANG_WARN_ENUM_CONVERSION = YES;
				CLANG_WARN_INFINITE_RECURSION = YES;
				CLANG_WARN_INT_CONVERSION = YES;
				CLANG_WARN_NON_LITERAL_NULL_CONVERSION = YES;
				CLANG_WARN_OBJC_IMPLICIT_RETAIN_SELF = YES;
				CLANG_WARN_OBJC_LITERAL_CONVERSION = YES;
				CLANG_WARN_OBJC_ROOT_CLASS = YES_ERROR;
				CLANG_WARN_RANGE_LOOP_ANALYSIS = YES;
				CLANG_WARN_STRICT_PROTOTYPES = YES;
				CLANG_WARN_SUSPICIOUS_MOVE = YES;
				CLANG_WARN_UNGUARDED_AVAILABILITY = YES_AGGRESSIVE;
				CLANG_WARN_UNREACHABLE_CODE = YES;
				CLANG_WARN__DUPLICATE_METHOD_MATCH = YES;
				CODE_SIGN_IDENTITY = "iPhone Developer";
				COPY_PHASE_STRIP = NO;
				DEBUG_INFORMATION_FORMAT = dwarf;
				ENABLE_STRICT_OBJC_MSGSEND = YES;
				ENABLE_TESTABILITY = YES;
				GCC_C_LANGUAGE_STANDARD = gnu11;
				GCC_DYNAMIC_NO_PIC = NO;
				GCC_NO_COMMON_BLOCKS = YES;
				GCC_OPTIMIZATION_LEVEL = 0;
				GCC_PREPROCESSOR_DEFINITIONS = (
					"DEBUG=1",
					"$(inherited)",
				);
				GCC_WARN_64_TO_32_BIT_CONVERSION = YES;
				GCC_WARN_ABOUT_RETURN_TYPE = YES_ERROR;
				GCC_WARN_UNDECLARED_SELECTOR = YES;
				GCC_WARN_UNINITIALIZED_AUTOS = YES_AGGRESSIVE;
				GCC_WARN_UNUSED_FUNCTION = YES;
				GCC_WARN_UNUSED_VARIABLE = YES;
				IPHONEOS_DEPLOYMENT_TARGET = 12.1;
				MTL_ENABLE_DEBUG_INFO = INCLUDE_SOURCE;
				MTL_FAST_MATH = YES;
				ONLY_ACTIVE_ARCH = YES;
				SDKROOT = iphoneos;
				SWIFT_ACTIVE_COMPILATION_CONDITIONS = DEBUG;
				SWIFT_OPTIMIZATION_LEVEL = "-Onone";
			};
			name = Debug;
		};
		C4E0C2892242CD82008518C3 /* Release */ = {
			isa = XCBuildConfiguration;
			buildSettings = {
				ALWAYS_SEARCH_USER_PATHS = NO;
				CLANG_ANALYZER_NONNULL = YES;
				CLANG_ANALYZER_NUMBER_OBJECT_CONVERSION = YES_AGGRESSIVE;
				CLANG_CXX_LANGUAGE_STANDARD = "gnu++14";
				CLANG_CXX_LIBRARY = "libc++";
				CLANG_ENABLE_MODULES = YES;
				CLANG_ENABLE_OBJC_ARC = YES;
				CLANG_ENABLE_OBJC_WEAK = YES;
				CLANG_WARN_BLOCK_CAPTURE_AUTORELEASING = YES;
				CLANG_WARN_BOOL_CONVERSION = YES;
				CLANG_WARN_COMMA = YES;
				CLANG_WARN_CONSTANT_CONVERSION = YES;
				CLANG_WARN_DEPRECATED_OBJC_IMPLEMENTATIONS = YES;
				CLANG_WARN_DIRECT_OBJC_ISA_USAGE = YES_ERROR;
				CLANG_WARN_DOCUMENTATION_COMMENTS = YES;
				CLANG_WARN_EMPTY_BODY = YES;
				CLANG_WARN_ENUM_CONVERSION = YES;
				CLANG_WARN_INFINITE_RECURSION = YES;
				CLANG_WARN_INT_CONVERSION = YES;
				CLANG_WARN_NON_LITERAL_NULL_CONVERSION = YES;
				CLANG_WARN_OBJC_IMPLICIT_RETAIN_SELF = YES;
				CLANG_WARN_OBJC_LITERAL_CONVERSION = YES;
				CLANG_WARN_OBJC_ROOT_CLASS = YES_ERROR;
				CLANG_WARN_RANGE_LOOP_ANALYSIS = YES;
				CLANG_WARN_STRICT_PROTOTYPES = YES;
				CLANG_WARN_SUSPICIOUS_MOVE = YES;
				CLANG_WARN_UNGUARDED_AVAILABILITY = YES_AGGRESSIVE;
				CLANG_WARN_UNREACHABLE_CODE = YES;
				CLANG_WARN__DUPLICATE_METHOD_MATCH = YES;
				CODE_SIGN_IDENTITY = "iPhone Developer";
				COPY_PHASE_STRIP = NO;
				DEBUG_INFORMATION_FORMAT = "dwarf-with-dsym";
				ENABLE_NS_ASSERTIONS = NO;
				ENABLE_STRICT_OBJC_MSGSEND = YES;
				GCC_C_LANGUAGE_STANDARD = gnu11;
				GCC_NO_COMMON_BLOCKS = YES;
				GCC_WARN_64_TO_32_BIT_CONVERSION = YES;
				GCC_WARN_ABOUT_RETURN_TYPE = YES_ERROR;
				GCC_WARN_UNDECLARED_SELECTOR = YES;
				GCC_WARN_UNINITIALIZED_AUTOS = YES_AGGRESSIVE;
				GCC_WARN_UNUSED_FUNCTION = YES;
				GCC_WARN_UNUSED_VARIABLE = YES;
				IPHONEOS_DEPLOYMENT_TARGET = 12.1;
				MTL_ENABLE_DEBUG_INFO = NO;
				MTL_FAST_MATH = YES;
				SDKROOT = iphoneos;
				SWIFT_COMPILATION_MODE = wholemodule;
				SWIFT_OPTIMIZATION_LEVEL = "-O";
				VALIDATE_PRODUCT = YES;
			};
			name = Release;
		};
		C4E0C28B2242CD82008518C3 /* Debug */ = {
			isa = XCBuildConfiguration;
			baseConfigurationReference = 933746739B36F185753D273D /* Pods-Sharif Open Courseware.debug.xcconfig */;
			buildSettings = {
				ASSETCATALOG_COMPILER_APPICON_NAME = AppIcon;
				CODE_SIGN_STYLE = Automatic;
				DEVELOPMENT_TEAM = K3HQYDF942;
				INFOPLIST_FILE = "Sharif Open Courseware/Info.plist";
				LD_RUNPATH_SEARCH_PATHS = (
					"$(inherited)",
					"@executable_path/Frameworks",
				);
				PRODUCT_BUNDLE_IDENTIFIER = "SUT.Sharif-Open-Courseware";
				PRODUCT_NAME = "$(TARGET_NAME)";
				SWIFT_VERSION = 4.2;
				TARGETED_DEVICE_FAMILY = "1,2";
			};
			name = Debug;
		};
		C4E0C28C2242CD82008518C3 /* Release */ = {
			isa = XCBuildConfiguration;
			baseConfigurationReference = D563710CC4B85B4E9E733B5F /* Pods-Sharif Open Courseware.release.xcconfig */;
			buildSettings = {
				ASSETCATALOG_COMPILER_APPICON_NAME = AppIcon;
				CODE_SIGN_STYLE = Automatic;
				DEVELOPMENT_TEAM = K3HQYDF942;
				INFOPLIST_FILE = "Sharif Open Courseware/Info.plist";
				LD_RUNPATH_SEARCH_PATHS = (
					"$(inherited)",
					"@executable_path/Frameworks",
				);
				PRODUCT_BUNDLE_IDENTIFIER = "SUT.Sharif-Open-Courseware";
				PRODUCT_NAME = "$(TARGET_NAME)";
				SWIFT_VERSION = 4.2;
				TARGETED_DEVICE_FAMILY = "1,2";
			};
			name = Release;
		};
		C4E0C28E2242CD82008518C3 /* Debug */ = {
			isa = XCBuildConfiguration;
			baseConfigurationReference = A885CB82800A99FF1180378C /* Pods-Sharif Open CoursewareTests.debug.xcconfig */;
			buildSettings = {
				ALWAYS_EMBED_SWIFT_STANDARD_LIBRARIES = YES;
				BUNDLE_LOADER = "$(TEST_HOST)";
				CODE_SIGN_STYLE = Automatic;
				DEVELOPMENT_TEAM = K3HQYDF942;
				INFOPLIST_FILE = "Sharif Open CoursewareTests/Info.plist";
				LD_RUNPATH_SEARCH_PATHS = (
					"$(inherited)",
					"@executable_path/Frameworks",
					"@loader_path/Frameworks",
				);
				PRODUCT_BUNDLE_IDENTIFIER = "SUT.Sharif-Open-CoursewareTests";
				PRODUCT_NAME = "$(TARGET_NAME)";
				SWIFT_VERSION = 4.2;
				TARGETED_DEVICE_FAMILY = "1,2";
				TEST_HOST = "$(BUILT_PRODUCTS_DIR)/Sharif Open Courseware.app/Sharif Open Courseware";
			};
			name = Debug;
		};
		C4E0C28F2242CD82008518C3 /* Release */ = {
			isa = XCBuildConfiguration;
			baseConfigurationReference = 629E490956ABB4D10EB4B070 /* Pods-Sharif Open CoursewareTests.release.xcconfig */;
			buildSettings = {
				ALWAYS_EMBED_SWIFT_STANDARD_LIBRARIES = YES;
				BUNDLE_LOADER = "$(TEST_HOST)";
				CODE_SIGN_STYLE = Automatic;
				DEVELOPMENT_TEAM = K3HQYDF942;
				INFOPLIST_FILE = "Sharif Open CoursewareTests/Info.plist";
				LD_RUNPATH_SEARCH_PATHS = (
					"$(inherited)",
					"@executable_path/Frameworks",
					"@loader_path/Frameworks",
				);
				PRODUCT_BUNDLE_IDENTIFIER = "SUT.Sharif-Open-CoursewareTests";
				PRODUCT_NAME = "$(TARGET_NAME)";
				SWIFT_VERSION = 4.2;
				TARGETED_DEVICE_FAMILY = "1,2";
				TEST_HOST = "$(BUILT_PRODUCTS_DIR)/Sharif Open Courseware.app/Sharif Open Courseware";
			};
			name = Release;
		};
		C4E0C2912242CD82008518C3 /* Debug */ = {
			isa = XCBuildConfiguration;
			baseConfigurationReference = 08A26EC72A5C9F4FBF423213 /* Pods-Sharif Open CoursewareUITests.debug.xcconfig */;
			buildSettings = {
				ALWAYS_EMBED_SWIFT_STANDARD_LIBRARIES = YES;
				CODE_SIGN_STYLE = Automatic;
				DEVELOPMENT_TEAM = K3HQYDF942;
				INFOPLIST_FILE = "Sharif Open CoursewareUITests/Info.plist";
				LD_RUNPATH_SEARCH_PATHS = (
					"$(inherited)",
					"@executable_path/Frameworks",
					"@loader_path/Frameworks",
				);
				PRODUCT_BUNDLE_IDENTIFIER = "SUT.Sharif-Open-CoursewareUITests";
				PRODUCT_NAME = "$(TARGET_NAME)";
				SWIFT_VERSION = 4.2;
				TARGETED_DEVICE_FAMILY = "1,2";
				TEST_TARGET_NAME = "Sharif Open Courseware";
			};
			name = Debug;
		};
		C4E0C2922242CD82008518C3 /* Release */ = {
			isa = XCBuildConfiguration;
			baseConfigurationReference = A7D5A147A6074B6D729A3F75 /* Pods-Sharif Open CoursewareUITests.release.xcconfig */;
			buildSettings = {
				ALWAYS_EMBED_SWIFT_STANDARD_LIBRARIES = YES;
				CODE_SIGN_STYLE = Automatic;
				DEVELOPMENT_TEAM = K3HQYDF942;
				INFOPLIST_FILE = "Sharif Open CoursewareUITests/Info.plist";
				LD_RUNPATH_SEARCH_PATHS = (
					"$(inherited)",
					"@executable_path/Frameworks",
					"@loader_path/Frameworks",
				);
				PRODUCT_BUNDLE_IDENTIFIER = "SUT.Sharif-Open-CoursewareUITests";
				PRODUCT_NAME = "$(TARGET_NAME)";
				SWIFT_VERSION = 4.2;
				TARGETED_DEVICE_FAMILY = "1,2";
				TEST_TARGET_NAME = "Sharif Open Courseware";
			};
			name = Release;
		};
/* End XCBuildConfiguration section */

/* Begin XCConfigurationList section */
		C4E0C25D2242CD7F008518C3 /* Build configuration list for PBXProject "Sharif Open Courseware" */ = {
			isa = XCConfigurationList;
			buildConfigurations = (
				C4E0C2882242CD82008518C3 /* Debug */,
				C4E0C2892242CD82008518C3 /* Release */,
			);
			defaultConfigurationIsVisible = 0;
			defaultConfigurationName = Release;
		};
		C4E0C28A2242CD82008518C3 /* Build configuration list for PBXNativeTarget "Sharif Open Courseware" */ = {
			isa = XCConfigurationList;
			buildConfigurations = (
				C4E0C28B2242CD82008518C3 /* Debug */,
				C4E0C28C2242CD82008518C3 /* Release */,
			);
			defaultConfigurationIsVisible = 0;
			defaultConfigurationName = Release;
		};
		C4E0C28D2242CD82008518C3 /* Build configuration list for PBXNativeTarget "Sharif Open CoursewareTests" */ = {
			isa = XCConfigurationList;
			buildConfigurations = (
				C4E0C28E2242CD82008518C3 /* Debug */,
				C4E0C28F2242CD82008518C3 /* Release */,
			);
			defaultConfigurationIsVisible = 0;
			defaultConfigurationName = Release;
		};
		C4E0C2902242CD82008518C3 /* Build configuration list for PBXNativeTarget "Sharif Open CoursewareUITests" */ = {
			isa = XCConfigurationList;
			buildConfigurations = (
				C4E0C2912242CD82008518C3 /* Debug */,
				C4E0C2922242CD82008518C3 /* Release */,
			);
			defaultConfigurationIsVisible = 0;
			defaultConfigurationName = Release;
		};
/* End XCConfigurationList section */
	};
	rootObject = C4E0C25A2242CD7F008518C3 /* Project object */;
}
