// !$*UTF8*$!
{
	archiveVersion = 1;
	classes = {
	};
	objectVersion = 50;
	objects = {

/* Begin PBXBuildFile section */
		C4E0C2662242CD7F008518C3 /* AppDelegate.swift in Sources */ = {isa = PBXBuildFile; fileRef = C4E0C2652242CD7F008518C3 /* AppDelegate.swift */; };
		C4E0C2682242CD7F008518C3 /* ViewController.swift in Sources */ = {isa = PBXBuildFile; fileRef = C4E0C2672242CD7F008518C3 /* ViewController.swift */; };
		C4E0C26B2242CD7F008518C3 /* Main.storyboard in Resources */ = {isa = PBXBuildFile; fileRef = C4E0C2692242CD7F008518C3 /* Main.storyboard */; };
		C4E0C26D2242CD81008518C3 /* Assets.xcassets in Resources */ = {isa = PBXBuildFile; fileRef = C4E0C26C2242CD81008518C3 /* Assets.xcassets */; };
		C4E0C2702242CD81008518C3 /* LaunchScreen.storyboard in Resources */ = {isa = PBXBuildFile; fileRef = C4E0C26E2242CD81008518C3 /* LaunchScreen.storyboard */; };
		C4E0C27B2242CD82008518C3 /* Sharif_Open_CoursewareTests.swift in Sources */ = {isa = PBXBuildFile; fileRef = C4E0C27A2242CD82008518C3 /* Sharif_Open_CoursewareTests.swift */; };
		C4E0C2862242CD82008518C3 /* Sharif_Open_CoursewareUITests.swift in Sources */ = {isa = PBXBuildFile; fileRef = C4E0C2852242CD82008518C3 /* Sharif_Open_CoursewareUITests.swift */; };
/* End PBXBuildFile section */

/* Begin PBXContainerItemProxy section */
		C4E0C2772242CD82008518C3 /* PBXContainerItemProxy */ = {
			isa = PBXContainerItemProxy;
			containerPortal = C4E0C25A2242CD7F008518C3 /* Project object */;
			proxyType = 1;
			remoteGlobalIDString = C4E0C2612242CD7F008518C3;
			remoteInfo = "Sharif Open Courseware";
		};
		C4E0C2822242CD82008518C3 /* PBXContainerItemProxy */ = {
			isa = PBXContainerItemProxy;
			containerPortal = C4E0C25A2242CD7F008518C3 /* Project object */;
			proxyType = 1;
			remoteGlobalIDString = C4E0C2612242CD7F008518C3;
			remoteInfo = "Sharif Open Courseware";
		};
/* End PBXContainerItemProxy section */

/* Begin PBXFileReference section */
		C4E0C2622242CD7F008518C3 /* Sharif Open Courseware.app */ = {isa = PBXFileReference; explicitFileType = wrapper.application; includeInIndex = 0; path = "Sharif Open Courseware.app"; sourceTree = BUILT_PRODUCTS_DIR; };
		C4E0C2652242CD7F008518C3 /* AppDelegate.swift */ = {isa = PBXFileReference; lastKnownFileType = sourcecode.swift; path = AppDelegate.swift; sourceTree = "<group>"; };
		C4E0C2672242CD7F008518C3 /* ViewController.swift */ = {isa = PBXFileReference; lastKnownFileType = sourcecode.swift; path = ViewController.swift; sourceTree = "<group>"; };
		C4E0C26A2242CD7F008518C3 /* Base */ = {isa = PBXFileReference; lastKnownFileType = file.storyboard; name = Base; path = Base.lproj/Main.storyboard; sourceTree = "<group>"; };
		C4E0C26C2242CD81008518C3 /* Assets.xcassets */ = {isa = PBXFileReference; lastKnownFileType = folder.assetcatalog; path = Assets.xcassets; sourceTree = "<group>"; };
		C4E0C26F2242CD81008518C3 /* Base */ = {isa = PBXFileReference; lastKnownFileType = file.storyboard; name = Base; path = Base.lproj/LaunchScreen.storyboard; sourceTree = "<group>"; };
		C4E0C2712242CD81008518C3 /* Info.plist */ = {isa = PBXFileReference; lastKnownFileType = text.plist.xml; path = Info.plist; sourceTree = "<group>"; };
		C4E0C2762242CD82008518C3 /* Sharif Open CoursewareTests.xctest */ = {isa = PBXFileReference; explicitFileType = wrapper.cfbundle; includeInIndex = 0; path = "Sharif Open CoursewareTests.xctest"; sourceTree = BUILT_PRODUCTS_DIR; };
		C4E0C27A2242CD82008518C3 /* Sharif_Open_CoursewareTests.swift */ = {isa = PBXFileReference; lastKnownFileType = sourcecode.swift; path = Sharif_Open_CoursewareTests.swift; sourceTree = "<group>"; };
		C4E0C27C2242CD82008518C3 /* Info.plist */ = {isa = PBXFileReference; lastKnownFileType = text.plist.xml; path = Info.plist; sourceTree = "<group>"; };
		C4E0C2812242CD82008518C3 /* Sharif Open CoursewareUITests.xctest */ = {isa = PBXFileReference; explicitFileType = wrapper.cfbundle; includeInIndex = 0; path = "Sharif Open CoursewareUITests.xctest"; sourceTree = BUILT_PRODUCTS_DIR; };
		C4E0C2852242CD82008518C3 /* Sharif_Open_CoursewareUITests.swift */ = {isa = PBXFileReference; lastKnownFileType = sourcecode.swift; path = Sharif_Open_CoursewareUITests.swift; sourceTree = "<group>"; };
		C4E0C2872242CD82008518C3 /* Info.plist */ = {isa = PBXFileReference; lastKnownFileType = text.plist.xml; path = Info.plist; sourceTree = "<group>"; };
/* End PBXFileReference section */

/* Begin PBXFrameworksBuildPhase section */
		C4E0C25F2242CD7F008518C3 /* Frameworks */ = {
			isa = PBXFrameworksBuildPhase;
			buildActionMask = 2147483647;
			files = (
			);
			runOnlyForDeploymentPostprocessing = 0;
		};
		C4E0C2732242CD82008518C3 /* Frameworks */ = {
			isa = PBXFrameworksBuildPhase;
			buildActionMask = 2147483647;
			files = (
			);
			runOnlyForDeploymentPostprocessing = 0;
		};
		C4E0C27E2242CD82008518C3 /* Frameworks */ = {
			isa = PBXFrameworksBuildPhase;
			buildActionMask = 2147483647;
			files = (
			);
			runOnlyForDeploymentPostprocessing = 0;
		};
/* End PBXFrameworksBuildPhase section */

/* Begin PBXGroup section */
		C4E0C2592242CD7F008518C3 = {
			isa = PBXGroup;
			children = (
				C4E0C2642242CD7F008518C3 /* Sharif Open Courseware */,
				C4E0C2792242CD82008518C3 /* Sharif Open CoursewareTests */,
				C4E0C2842242CD82008518C3 /* Sharif Open CoursewareUITests */,
				C4E0C2632242CD7F008518C3 /* Products */,
			);
			sourceTree = "<group>";
		};
		C4E0C2632242CD7F008518C3 /* Products */ = {
			isa = PBXGroup;
			children = (
				C4E0C2622242CD7F008518C3 /* Sharif Open Courseware.app */,
				C4E0C2762242CD82008518C3 /* Sharif Open CoursewareTests.xctest */,
				C4E0C2812242CD82008518C3 /* Sharif Open CoursewareUITests.xctest */,
			);
			name = Products;
			sourceTree = "<group>";
		};
		C4E0C2642242CD7F008518C3 /* Sharif Open Courseware */ = {
			isa = PBXGroup;
			children = (
				C4E0C2652242CD7F008518C3 /* AppDelegate.swift */,
				C4E0C2672242CD7F008518C3 /* ViewController.swift */,
				C4E0C2692242CD7F008518C3 /* Main.storyboard */,
				C4E0C26C2242CD81008518C3 /* Assets.xcassets */,
				C4E0C26E2242CD81008518C3 /* LaunchScreen.storyboard */,
				C4E0C2712242CD81008518C3 /* Info.plist */,
			);
			path = "Sharif Open Courseware";
			sourceTree = "<group>";
		};
		C4E0C2792242CD82008518C3 /* Sharif Open CoursewareTests */ = {
			isa = PBXGroup;
			children = (
				C4E0C27A2242CD82008518C3 /* Sharif_Open_CoursewareTests.swift */,
				C4E0C27C2242CD82008518C3 /* Info.plist */,
			);
			path = "Sharif Open CoursewareTests";
			sourceTree = "<group>";
		};
		C4E0C2842242CD82008518C3 /* Sharif Open CoursewareUITests */ = {
			isa = PBXGroup;
			children = (
				C4E0C2852242CD82008518C3 /* Sharif_Open_CoursewareUITests.swift */,
				C4E0C2872242CD82008518C3 /* Info.plist */,
			);
			path = "Sharif Open CoursewareUITests";
			sourceTree = "<group>";
		};
/* End PBXGroup section */

/* Begin PBXNativeTarget section */
		C4E0C2612242CD7F008518C3 /* Sharif Open Courseware */ = {
			isa = PBXNativeTarget;
			buildConfigurationList = C4E0C28A2242CD82008518C3 /* Build configuration list for PBXNativeTarget "Sharif Open Courseware" */;
			buildPhases = (
				C4E0C25E2242CD7F008518C3 /* Sources */,
				C4E0C25F2242CD7F008518C3 /* Frameworks */,
				C4E0C2602242CD7F008518C3 /* Resources */,
			);
			buildRules = (
			);
			dependencies = (
			);
			name = "Sharif Open Courseware";
			productName = "Sharif Open Courseware";
			productReference = C4E0C2622242CD7F008518C3 /* Sharif Open Courseware.app */;
			productType = "com.apple.product-type.application";
		};
		C4E0C2752242CD82008518C3 /* Sharif Open CoursewareTests */ = {
			isa = PBXNativeTarget;
			buildConfigurationList = C4E0C28D2242CD82008518C3 /* Build configuration list for PBXNativeTarget "Sharif Open CoursewareTests" */;
			buildPhases = (
				C4E0C2722242CD82008518C3 /* Sources */,
				C4E0C2732242CD82008518C3 /* Frameworks */,
				C4E0C2742242CD82008518C3 /* Resources */,
			);
			buildRules = (
			);
			dependencies = (
				C4E0C2782242CD82008518C3 /* PBXTargetDependency */,
			);
			name = "Sharif Open CoursewareTests";
			productName = "Sharif Open CoursewareTests";
			productReference = C4E0C2762242CD82008518C3 /* Sharif Open CoursewareTests.xctest */;
			productType = "com.apple.product-type.bundle.unit-test";
		};
		C4E0C2802242CD82008518C3 /* Sharif Open CoursewareUITests */ = {
			isa = PBXNativeTarget;
			buildConfigurationList = C4E0C2902242CD82008518C3 /* Build configuration list for PBXNativeTarget "Sharif Open CoursewareUITests" */;
			buildPhases = (
				C4E0C27D2242CD82008518C3 /* Sources */,
				C4E0C27E2242CD82008518C3 /* Frameworks */,
				C4E0C27F2242CD82008518C3 /* Resources */,
			);
			buildRules = (
			);
			dependencies = (
				C4E0C2832242CD82008518C3 /* PBXTargetDependency */,
			);
			name = "Sharif Open CoursewareUITests";
			productName = "Sharif Open CoursewareUITests";
			productReference = C4E0C2812242CD82008518C3 /* Sharif Open CoursewareUITests.xctest */;
			productType = "com.apple.product-type.bundle.ui-testing";
		};
/* End PBXNativeTarget section */

/* Begin PBXProject section */
		C4E0C25A2242CD7F008518C3 /* Project object */ = {
			isa = PBXProject;
			attributes = {
				LastSwiftUpdateCheck = 1010;
				LastUpgradeCheck = 1010;
				ORGANIZATIONNAME = "Sharif University of Technology";
				TargetAttributes = {
					C4E0C2612242CD7F008518C3 = {
						CreatedOnToolsVersion = 10.1;
					};
					C4E0C2752242CD82008518C3 = {
						CreatedOnToolsVersion = 10.1;
						TestTargetID = C4E0C2612242CD7F008518C3;
					};
					C4E0C2802242CD82008518C3 = {
						CreatedOnToolsVersion = 10.1;
						TestTargetID = C4E0C2612242CD7F008518C3;
					};
				};
			};
			buildConfigurationList = C4E0C25D2242CD7F008518C3 /* Build configuration list for PBXProject "Sharif Open Courseware" */;
			compatibilityVersion = "Xcode 9.3";
			developmentRegion = en;
			hasScannedForEncodings = 0;
			knownRegions = (
				en,
				Base,
			);
			mainGroup = C4E0C2592242CD7F008518C3;
			productRefGroup = C4E0C2632242CD7F008518C3 /* Products */;
			projectDirPath = "";
			projectRoot = "";
			targets = (
				C4E0C2612242CD7F008518C3 /* Sharif Open Courseware */,
				C4E0C2752242CD82008518C3 /* Sharif Open CoursewareTests */,
				C4E0C2802242CD82008518C3 /* Sharif Open CoursewareUITests */,
			);
		};
/* End PBXProject section */

/* Begin PBXResourcesBuildPhase section */
		C4E0C2602242CD7F008518C3 /* Resources */ = {
			isa = PBXResourcesBuildPhase;
			buildActionMask = 2147483647;
			files = (
				C4E0C2702242CD81008518C3 /* LaunchScreen.storyboard in Resources */,
				C4E0C26D2242CD81008518C3 /* Assets.xcassets in Resources */,
				C4E0C26B2242CD7F008518C3 /* Main.storyboard in Resources */,
			);
			runOnlyForDeploymentPostprocessing = 0;
		};
		C4E0C2742242CD82008518C3 /* Resources */ = {
			isa = PBXResourcesBuildPhase;
			buildActionMask = 2147483647;
			files = (
			);
			runOnlyForDeploymentPostprocessing = 0;
		};
		C4E0C27F2242CD82008518C3 /* Resources */ = {
			isa = PBXResourcesBuildPhase;
			buildActionMask = 2147483647;
			files = (
			);
			runOnlyForDeploymentPostprocessing = 0;
		};
/* End PBXResourcesBuildPhase section */

/* Begin PBXSourcesBuildPhase section */
		C4E0C25E2242CD7F008518C3 /* Sources */ = {
			isa = PBXSourcesBuildPhase;
			buildActionMask = 2147483647;
			files = (
				C4E0C2682242CD7F008518C3 /* ViewController.swift in Sources */,
				C4E0C2662242CD7F008518C3 /* AppDelegate.swift in Sources */,
			);
			runOnlyForDeploymentPostprocessing = 0;
		};
		C4E0C2722242CD82008518C3 /* Sources */ = {
			isa = PBXSourcesBuildPhase;
			buildActionMask = 2147483647;
			files = (
				C4E0C27B2242CD82008518C3 /* Sharif_Open_CoursewareTests.swift in Sources */,
			);
			runOnlyForDeploymentPostprocessing = 0;
		};
		C4E0C27D2242CD82008518C3 /* Sources */ = {
			isa = PBXSourcesBuildPhase;
			buildActionMask = 2147483647;
			files = (
				C4E0C2862242CD82008518C3 /* Sharif_Open_CoursewareUITests.swift in Sources */,
			);
			runOnlyForDeploymentPostprocessing = 0;
		};
/* End PBXSourcesBuildPhase section */

/* Begin PBXTargetDependency section */
		C4E0C2782242CD82008518C3 /* PBXTargetDependency */ = {
			isa = PBXTargetDependency;
			target = C4E0C2612242CD7F008518C3 /* Sharif Open Courseware */;
			targetProxy = C4E0C2772242CD82008518C3 /* PBXContainerItemProxy */;
		};
		C4E0C2832242CD82008518C3 /* PBXTargetDependency */ = {
			isa = PBXTargetDependency;
			target = C4E0C2612242CD7F008518C3 /* Sharif Open Courseware */;
			targetProxy = C4E0C2822242CD82008518C3 /* PBXContainerItemProxy */;
		};
/* End PBXTargetDependency section */

/* Begin PBXVariantGroup section */
		C4E0C2692242CD7F008518C3 /* Main.storyboard */ = {
			isa = PBXVariantGroup;
			children = (
				C4E0C26A2242CD7F008518C3 /* Base */,
			);
			name = Main.storyboard;
			sourceTree = "<group>";
		};
		C4E0C26E2242CD81008518C3 /* LaunchScreen.storyboard */ = {
			isa = PBXVariantGroup;
			children = (
				C4E0C26F2242CD81008518C3 /* Base */,
			);
			name = LaunchScreen.storyboard;
			sourceTree = "<group>";
		};
/* End PBXVariantGroup section */

/* Begin XCBuildConfiguration section */
		C4E0C2882242CD82008518C3 /* Debug */ = {
			isa = XCBuildConfiguration;
			buildSettings = {
				ALWAYS_SEARCH_USER_PATHS = NO;
				CLANG_ANALYZER_NONNULL = YES;
				CLANG_ANALYZER_NUMBER_OBJECT_CONVERSION = YES_AGGRESSIVE;
				CLANG_CXX_LANGUAGE_STANDARD = "gnu++14";
				CLANG_CXX_LIBRARY = "libc++";
				CLANG_ENABLE_MODULES = YES;
				CLANG_ENABLE_OBJC_ARC = YES;
				CLANG_ENABLE_OBJC_WEAK = YES;
				CLANG_WARN_BLOCK_CAPTURE_AUTORELEASING = YES;
				CLANG_WARN_BOOL_CONVERSION = YES;
				CLANG_WARN_COMMA = YES;
				CLANG_WARN_CONSTANT_CONVERSION = YES;
				CLANG_WARN_DEPRECATED_OBJC_IMPLEMENTATIONS = YES;
				CLANG_WARN_DIRECT_OBJC_ISA_USAGE = YES_ERROR;
				CLANG_WARN_DOCUMENTATION_COMMENTS = YES;
				CLANG_WARN_EMPTY_BODY = YES;
				CLANG_WARN_ENUM_CONVERSION = YES;
				CLANG_WARN_INFINITE_RECURSION = YES;
				CLANG_WARN_INT_CONVERSION = YES;
				CLANG_WARN_NON_LITERAL_NULL_CONVERSION = YES;
				CLANG_WARN_OBJC_IMPLICIT_RETAIN_SELF = YES;
				CLANG_WARN_OBJC_LITERAL_CONVERSION = YES;
				CLANG_WARN_OBJC_ROOT_CLASS = YES_ERROR;
				CLANG_WARN_RANGE_LOOP_ANALYSIS = YES;
				CLANG_WARN_STRICT_PROTOTYPES = YES;
				CLANG_WARN_SUSPICIOUS_MOVE = YES;
				CLANG_WARN_UNGUARDED_AVAILABILITY = YES_AGGRESSIVE;
				CLANG_WARN_UNREACHABLE_CODE = YES;
				CLANG_WARN__DUPLICATE_METHOD_MATCH = YES;
				CODE_SIGN_IDENTITY = "iPhone Developer";
				COPY_PHASE_STRIP = NO;
				DEBUG_INFORMATION_FORMAT = dwarf;
				ENABLE_STRICT_OBJC_MSGSEND = YES;
				ENABLE_TESTABILITY = YES;
				GCC_C_LANGUAGE_STANDARD = gnu11;
				GCC_DYNAMIC_NO_PIC = NO;
				GCC_NO_COMMON_BLOCKS = YES;
				GCC_OPTIMIZATION_LEVEL = 0;
				GCC_PREPROCESSOR_DEFINITIONS = (
					"DEBUG=1",
					"$(inherited)",
				);
				GCC_WARN_64_TO_32_BIT_CONVERSION = YES;
				GCC_WARN_ABOUT_RETURN_TYPE = YES_ERROR;
				GCC_WARN_UNDECLARED_SELECTOR = YES;
				GCC_WARN_UNINITIALIZED_AUTOS = YES_AGGRESSIVE;
				GCC_WARN_UNUSED_FUNCTION = YES;
				GCC_WARN_UNUSED_VARIABLE = YES;
				IPHONEOS_DEPLOYMENT_TARGET = 12.1;
				MTL_ENABLE_DEBUG_INFO = INCLUDE_SOURCE;
				MTL_FAST_MATH = YES;
				ONLY_ACTIVE_ARCH = YES;
				SDKROOT = iphoneos;
				SWIFT_ACTIVE_COMPILATION_CONDITIONS = DEBUG;
				SWIFT_OPTIMIZATION_LEVEL = "-Onone";
			};
			name = Debug;
		};
		C4E0C2892242CD82008518C3 /* Release */ = {
			isa = XCBuildConfiguration;
			buildSettings = {
				ALWAYS_SEARCH_USER_PATHS = NO;
				CLANG_ANALYZER_NONNULL = YES;
				CLANG_ANALYZER_NUMBER_OBJECT_CONVERSION = YES_AGGRESSIVE;
				CLANG_CXX_LANGUAGE_STANDARD = "gnu++14";
				CLANG_CXX_LIBRARY = "libc++";
				CLANG_ENABLE_MODULES = YES;
				CLANG_ENABLE_OBJC_ARC = YES;
				CLANG_ENABLE_OBJC_WEAK = YES;
				CLANG_WARN_BLOCK_CAPTURE_AUTORELEASING = YES;
				CLANG_WARN_BOOL_CONVERSION = YES;
				CLANG_WARN_COMMA = YES;
				CLANG_WARN_CONSTANT_CONVERSION = YES;
				CLANG_WARN_DEPRECATED_OBJC_IMPLEMENTATIONS = YES;
				CLANG_WARN_DIRECT_OBJC_ISA_USAGE = YES_ERROR;
				CLANG_WARN_DOCUMENTATION_COMMENTS = YES;
				CLANG_WARN_EMPTY_BODY = YES;
				CLANG_WARN_ENUM_CONVERSION = YES;
				CLANG_WARN_INFINITE_RECURSION = YES;
				CLANG_WARN_INT_CONVERSION = YES;
				CLANG_WARN_NON_LITERAL_NULL_CONVERSION = YES;
				CLANG_WARN_OBJC_IMPLICIT_RETAIN_SELF = YES;
				CLANG_WARN_OBJC_LITERAL_CONVERSION = YES;
				CLANG_WARN_OBJC_ROOT_CLASS = YES_ERROR;
				CLANG_WARN_RANGE_LOOP_ANALYSIS = YES;
				CLANG_WARN_STRICT_PROTOTYPES = YES;
				CLANG_WARN_SUSPICIOUS_MOVE = YES;
				CLANG_WARN_UNGUARDED_AVAILABILITY = YES_AGGRESSIVE;
				CLANG_WARN_UNREACHABLE_CODE = YES;
				CLANG_WARN__DUPLICATE_METHOD_MATCH = YES;
				CODE_SIGN_IDENTITY = "iPhone Developer";
				COPY_PHASE_STRIP = NO;
				DEBUG_INFORMATION_FORMAT = "dwarf-with-dsym";
				ENABLE_NS_ASSERTIONS = NO;
				ENABLE_STRICT_OBJC_MSGSEND = YES;
				GCC_C_LANGUAGE_STANDARD = gnu11;
				GCC_NO_COMMON_BLOCKS = YES;
				GCC_WARN_64_TO_32_BIT_CONVERSION = YES;
				GCC_WARN_ABOUT_RETURN_TYPE = YES_ERROR;
				GCC_WARN_UNDECLARED_SELECTOR = YES;
				GCC_WARN_UNINITIALIZED_AUTOS = YES_AGGRESSIVE;
				GCC_WARN_UNUSED_FUNCTION = YES;
				GCC_WARN_UNUSED_VARIABLE = YES;
				IPHONEOS_DEPLOYMENT_TARGET = 12.1;
				MTL_ENABLE_DEBUG_INFO = NO;
				MTL_FAST_MATH = YES;
				SDKROOT = iphoneos;
				SWIFT_COMPILATION_MODE = wholemodule;
				SWIFT_OPTIMIZATION_LEVEL = "-O";
				VALIDATE_PRODUCT = YES;
			};
			name = Release;
		};
		C4E0C28B2242CD82008518C3 /* Debug */ = {
			isa = XCBuildConfiguration;
			buildSettings = {
				ASSETCATALOG_COMPILER_APPICON_NAME = AppIcon;
				CODE_SIGN_STYLE = Automatic;
				DEVELOPMENT_TEAM = K3HQYDF942;
				INFOPLIST_FILE = "Sharif Open Courseware/Info.plist";
				LD_RUNPATH_SEARCH_PATHS = (
					"$(inherited)",
					"@executable_path/Frameworks",
				);
				PRODUCT_BUNDLE_IDENTIFIER = "SUT.Sharif-Open-Courseware";
				PRODUCT_NAME = "$(TARGET_NAME)";
				SWIFT_VERSION = 4.2;
				TARGETED_DEVICE_FAMILY = "1,2";
			};
			name = Debug;
		};
		C4E0C28C2242CD82008518C3 /* Release */ = {
			isa = XCBuildConfiguration;
			buildSettings = {
				ASSETCATALOG_COMPILER_APPICON_NAME = AppIcon;
				CODE_SIGN_STYLE = Automatic;
				DEVELOPMENT_TEAM = K3HQYDF942;
				INFOPLIST_FILE = "Sharif Open Courseware/Info.plist";
				LD_RUNPATH_SEARCH_PATHS = (
					"$(inherited)",
					"@executable_path/Frameworks",
				);
				PRODUCT_BUNDLE_IDENTIFIER = "SUT.Sharif-Open-Courseware";
				PRODUCT_NAME = "$(TARGET_NAME)";
				SWIFT_VERSION = 4.2;
				TARGETED_DEVICE_FAMILY = "1,2";
			};
			name = Release;
		};
		C4E0C28E2242CD82008518C3 /* Debug */ = {
			isa = XCBuildConfiguration;
			buildSettings = {
				ALWAYS_EMBED_SWIFT_STANDARD_LIBRARIES = YES;
				BUNDLE_LOADER = "$(TEST_HOST)";
				CODE_SIGN_STYLE = Automatic;
				DEVELOPMENT_TEAM = K3HQYDF942;
				INFOPLIST_FILE = "Sharif Open CoursewareTests/Info.plist";
				LD_RUNPATH_SEARCH_PATHS = (
					"$(inherited)",
					"@executable_path/Frameworks",
					"@loader_path/Frameworks",
				);
				PRODUCT_BUNDLE_IDENTIFIER = "SUT.Sharif-Open-CoursewareTests";
				PRODUCT_NAME = "$(TARGET_NAME)";
				SWIFT_VERSION = 4.2;
				TARGETED_DEVICE_FAMILY = "1,2";
				TEST_HOST = "$(BUILT_PRODUCTS_DIR)/Sharif Open Courseware.app/Sharif Open Courseware";
			};
			name = Debug;
		};
		C4E0C28F2242CD82008518C3 /* Release */ = {
			isa = XCBuildConfiguration;
			buildSettings = {
				ALWAYS_EMBED_SWIFT_STANDARD_LIBRARIES = YES;
				BUNDLE_LOADER = "$(TEST_HOST)";
				CODE_SIGN_STYLE = Automatic;
				DEVELOPMENT_TEAM = K3HQYDF942;
				INFOPLIST_FILE = "Sharif Open CoursewareTests/Info.plist";
				LD_RUNPATH_SEARCH_PATHS = (
					"$(inherited)",
					"@executable_path/Frameworks",
					"@loader_path/Frameworks",
				);
				PRODUCT_BUNDLE_IDENTIFIER = "SUT.Sharif-Open-CoursewareTests";
				PRODUCT_NAME = "$(TARGET_NAME)";
				SWIFT_VERSION = 4.2;
				TARGETED_DEVICE_FAMILY = "1,2";
				TEST_HOST = "$(BUILT_PRODUCTS_DIR)/Sharif Open Courseware.app/Sharif Open Courseware";
			};
			name = Release;
		};
		C4E0C2912242CD82008518C3 /* Debug */ = {
			isa = XCBuildConfiguration;
			buildSettings = {
				ALWAYS_EMBED_SWIFT_STANDARD_LIBRARIES = YES;
				CODE_SIGN_STYLE = Automatic;
				DEVELOPMENT_TEAM = K3HQYDF942;
				INFOPLIST_FILE = "Sharif Open CoursewareUITests/Info.plist";
				LD_RUNPATH_SEARCH_PATHS = (
					"$(inherited)",
					"@executable_path/Frameworks",
					"@loader_path/Frameworks",
				);
				PRODUCT_BUNDLE_IDENTIFIER = "SUT.Sharif-Open-CoursewareUITests";
				PRODUCT_NAME = "$(TARGET_NAME)";
				SWIFT_VERSION = 4.2;
				TARGETED_DEVICE_FAMILY = "1,2";
				TEST_TARGET_NAME = "Sharif Open Courseware";
			};
			name = Debug;
		};
		C4E0C2922242CD82008518C3 /* Release */ = {
			isa = XCBuildConfiguration;
			buildSettings = {
				ALWAYS_EMBED_SWIFT_STANDARD_LIBRARIES = YES;
				CODE_SIGN_STYLE = Automatic;
				DEVELOPMENT_TEAM = K3HQYDF942;
				INFOPLIST_FILE = "Sharif Open CoursewareUITests/Info.plist";
				LD_RUNPATH_SEARCH_PATHS = (
					"$(inherited)",
					"@executable_path/Frameworks",
					"@loader_path/Frameworks",
				);
				PRODUCT_BUNDLE_IDENTIFIER = "SUT.Sharif-Open-CoursewareUITests";
				PRODUCT_NAME = "$(TARGET_NAME)";
				SWIFT_VERSION = 4.2;
				TARGETED_DEVICE_FAMILY = "1,2";
				TEST_TARGET_NAME = "Sharif Open Courseware";
			};
			name = Release;
		};
/* End XCBuildConfiguration section */

/* Begin XCConfigurationList section */
		C4E0C25D2242CD7F008518C3 /* Build configuration list for PBXProject "Sharif Open Courseware" */ = {
			isa = XCConfigurationList;
			buildConfigurations = (
				C4E0C2882242CD82008518C3 /* Debug */,
				C4E0C2892242CD82008518C3 /* Release */,
			);
			defaultConfigurationIsVisible = 0;
			defaultConfigurationName = Release;
		};
		C4E0C28A2242CD82008518C3 /* Build configuration list for PBXNativeTarget "Sharif Open Courseware" */ = {
			isa = XCConfigurationList;
			buildConfigurations = (
				C4E0C28B2242CD82008518C3 /* Debug */,
				C4E0C28C2242CD82008518C3 /* Release */,
			);
			defaultConfigurationIsVisible = 0;
			defaultConfigurationName = Release;
		};
		C4E0C28D2242CD82008518C3 /* Build configuration list for PBXNativeTarget "Sharif Open CoursewareTests" */ = {
			isa = XCConfigurationList;
			buildConfigurations = (
				C4E0C28E2242CD82008518C3 /* Debug */,
				C4E0C28F2242CD82008518C3 /* Release */,
			);
			defaultConfigurationIsVisible = 0;
			defaultConfigurationName = Release;
		};
		C4E0C2902242CD82008518C3 /* Build configuration list for PBXNativeTarget "Sharif Open CoursewareUITests" */ = {
			isa = XCConfigurationList;
			buildConfigurations = (
				C4E0C2912242CD82008518C3 /* Debug */,
				C4E0C2922242CD82008518C3 /* Release */,
			);
			defaultConfigurationIsVisible = 0;
			defaultConfigurationName = Release;
		};
/* End XCConfigurationList section */
	};
	rootObject = C4E0C25A2242CD7F008518C3 /* Project object */;
}
